// !$*UTF8*$!
{
	archiveVersion = 1;
	classes = {
	};
	objectVersion = 46;
	objects = {

/* Begin PBXBuildFile section */
		FE4F375A1A8862B50028903C /* WelcomeViewController.m in Sources */ = {isa = PBXBuildFile; fileRef = FE4F37591A8862B50028903C /* WelcomeViewController.m */; };
		FE4F375D1A8862C10028903C /* LoginViewController.m in Sources */ = {isa = PBXBuildFile; fileRef = FE4F375C1A8862C10028903C /* LoginViewController.m */; };
		FE4F37601A8862CD0028903C /* SignUpViewController.m in Sources */ = {isa = PBXBuildFile; fileRef = FE4F375F1A8862CD0028903C /* SignUpViewController.m */; };
		FE4F37681A8863390028903C /* btn_blue@3x.png in Resources */ = {isa = PBXBuildFile; fileRef = FE4F37621A8863390028903C /* btn_blue@3x.png */; };
		FE4F37691A8863390028903C /* btn_darkgrey@3x.png in Resources */ = {isa = PBXBuildFile; fileRef = FE4F37631A8863390028903C /* btn_darkgrey@3x.png */; };
		FE4F376A1A8863390028903C /* btn_lightgrey@3x.png in Resources */ = {isa = PBXBuildFile; fileRef = FE4F37641A8863390028903C /* btn_lightgrey@3x.png */; };
		FE4F376B1A8863390028903C /* image_background@3x.png in Resources */ = {isa = PBXBuildFile; fileRef = FE4F37651A8863390028903C /* image_background@3x.png */; };
		FE4F376C1A8863390028903C /* image_mywaters@3x.png in Resources */ = {isa = PBXBuildFile; fileRef = FE4F37661A8863390028903C /* image_mywaters@3x.png */; };
		FE4F376D1A8863390028903C /* image_waterwally@3x.png in Resources */ = {isa = PBXBuildFile; fileRef = FE4F37671A8863390028903C /* image_waterwally@3x.png */; };
		FE4F376F1A8870DC0028903C /* welcome_background@3x.png in Resources */ = {isa = PBXBuildFile; fileRef = FE4F376E1A8870DC0028903C /* welcome_background@3x.png */; };
		FE4F37721A888A3E0028903C /* image_avatar.png in Resources */ = {isa = PBXBuildFile; fileRef = FE4F37701A888A3E0028903C /* image_avatar.png */; };
		FE4F37731A888A3E0028903C /* icn_facebook@3x.png in Resources */ = {isa = PBXBuildFile; fileRef = FE4F37711A888A3E0028903C /* icn_facebook@3x.png */; };
		FE4F37791A88A6DC0028903C /* checkbox@3x.png in Resources */ = {isa = PBXBuildFile; fileRef = FE4F37771A88A6DC0028903C /* checkbox@3x.png */; };
		FE4F377A1A88A6DC0028903C /* icon_tick@3x.png in Resources */ = {isa = PBXBuildFile; fileRef = FE4F37781A88A6DC0028903C /* icon_tick@3x.png */; };
		FE5A46A71A8C57AF00517FB5 /* icn_addtofavorites@3x.png in Resources */ = {isa = PBXBuildFile; fileRef = FE5A46A31A8C57AF00517FB5 /* icn_addtofavorites@3x.png */; };
		FE5A46A81A8C57AF00517FB5 /* icn_favorited@3x.png in Resources */ = {isa = PBXBuildFile; fileRef = FE5A46A41A8C57AF00517FB5 /* icn_favorited@3x.png */; };
		FE5A46A91A8C57AF00517FB5 /* icn_notifyme@3x.png in Resources */ = {isa = PBXBuildFile; fileRef = FE5A46A51A8C57AF00517FB5 /* icn_notifyme@3x.png */; };
		FE5A46AA1A8C57AF00517FB5 /* icn_share@3x.png in Resources */ = {isa = PBXBuildFile; fileRef = FE5A46A61A8C57AF00517FB5 /* icn_share@3x.png */; };
		FE7FD0841A7F3933002A05CB /* favourites.png in Resources */ = {isa = PBXBuildFile; fileRef = FE7FD0831A7F3933002A05CB /* favourites.png */; };
		FE7FD0891A7F50E5002A05CB /* notifications.png in Resources */ = {isa = PBXBuildFile; fileRef = FE7FD0881A7F50E5002A05CB /* notifications.png */; };
		FE7FD08B1A7F5317002A05CB /* whatsup_explore.png in Resources */ = {isa = PBXBuildFile; fileRef = FE7FD08A1A7F5317002A05CB /* whatsup_explore.png */; };
		FE7FD08E1A7F53CE002A05CB /* icn_3dots@3x.png in Resources */ = {isa = PBXBuildFile; fileRef = FE7FD08C1A7F53CE002A05CB /* icn_3dots@3x.png */; };
		FE7FD08F1A7F53CE002A05CB /* icn_filter@3x.png in Resources */ = {isa = PBXBuildFile; fileRef = FE7FD08D1A7F53CE002A05CB /* icn_filter@3x.png */; };
		FE7FD0951A7F6FBD002A05CB /* BEBAS___.TTF in Resources */ = {isa = PBXBuildFile; fileRef = FE7FD0931A7F6FBD002A05CB /* BEBAS___.TTF */; };
		FE7FD0961A7F6FBD002A05CB /* BebasNeue.otf in Resources */ = {isa = PBXBuildFile; fileRef = FE7FD0941A7F6FBD002A05CB /* BebasNeue.otf */; };
		FE82AC491A92DBA500CCC94D /* ARViewController.m in Sources */ = {isa = PBXBuildFile; fileRef = FE82AC481A92DBA500CCC94D /* ARViewController.m */; };
		FE82AC571A92DE0800CCC94D /* ARCoordinate.m in Sources */ = {isa = PBXBuildFile; fileRef = FE82AC4C1A92DE0800CCC94D /* ARCoordinate.m */; };
		FE82AC581A92DE0800CCC94D /* ARGeoCoordinate.m in Sources */ = {isa = PBXBuildFile; fileRef = FE82AC4E1A92DE0800CCC94D /* ARGeoCoordinate.m */; };
		FE82AC591A92DE0800CCC94D /* ARKit.m in Sources */ = {isa = PBXBuildFile; fileRef = FE82AC501A92DE0800CCC94D /* ARKit.m */; };
		FE82AC5A1A92DE0800CCC94D /* AugmentedRealityController.m in Sources */ = {isa = PBXBuildFile; fileRef = FE82AC541A92DE0800CCC94D /* AugmentedRealityController.m */; };
		FE82AC5B1A92DE0800CCC94D /* GEOLocations.m in Sources */ = {isa = PBXBuildFile; fileRef = FE82AC561A92DE0800CCC94D /* GEOLocations.m */; };
		FE82AC5E1A92E34100CCC94D /* MarkerView.m in Sources */ = {isa = PBXBuildFile; fileRef = FE82AC5D1A92E34100CCC94D /* MarkerView.m */; };
		FE82AC661A93312700CCC94D /* Place.m in Sources */ = {isa = PBXBuildFile; fileRef = FE82AC651A93312700CCC94D /* Place.m */; };
		FE82AC681A93363000CCC94D /* MyWaters.sqlite in Resources */ = {isa = PBXBuildFile; fileRef = FE82AC671A93363000CCC94D /* MyWaters.sqlite */; };
		FE8DC62C1A944C1700F3C718 /* icn_volly@3x.png in Resources */ = {isa = PBXBuildFile; fileRef = FE8DC62B1A944C1600F3C718 /* icn_volly@3x.png */; };
		FE99BDF01A7B28C3000B83E8 /* ABCWaterDetailViewController.m in Sources */ = {isa = PBXBuildFile; fileRef = FE99BDEF1A7B28C3000B83E8 /* ABCWaterDetailViewController.m */; };
		FE99BDF21A7B295D000B83E8 /* waterlevelsensor_detail.png in Resources */ = {isa = PBXBuildFile; fileRef = FE99BDF11A7B295D000B83E8 /* waterlevelsensor_detail.png */; };
		FE99BDF51A7B2CD7000B83E8 /* abcwaters_grid.png in Resources */ = {isa = PBXBuildFile; fileRef = FE99BDF31A7B2CD7000B83E8 /* abcwaters_grid.png */; };
		FE99BDF61A7B2CD7000B83E8 /* abcwaters_list.png in Resources */ = {isa = PBXBuildFile; fileRef = FE99BDF41A7B2CD7000B83E8 /* abcwaters_list.png */; };
		FE99BDF81A7B3D51000B83E8 /* abcwaters_detail_options.png in Resources */ = {isa = PBXBuildFile; fileRef = FE99BDF71A7B3D51000B83E8 /* abcwaters_detail_options.png */; };
		FE99BDFE1A7B3F93000B83E8 /* CustomButtons.m in Sources */ = {isa = PBXBuildFile; fileRef = FE99BDFD1A7B3F93000B83E8 /* CustomButtons.m */; settings = {COMPILER_FLAGS = "-fno-objc-arc"; }; };
		FE99BE011A7B40B8000B83E8 /* icn_back_old@2x.png in Resources */ = {isa = PBXBuildFile; fileRef = FE99BE001A7B40B8000B83E8 /* icn_back_old@2x.png */; };
		FE99BE031A7B6316000B83E8 /* profile.png in Resources */ = {isa = PBXBuildFile; fileRef = FE99BE021A7B6316000B83E8 /* profile.png */; };
		FE99BE061A7B63B4000B83E8 /* RewardsListingViewController.m in Sources */ = {isa = PBXBuildFile; fileRef = FE99BE051A7B63B3000B83E8 /* RewardsListingViewController.m */; };
		FE99BE091A7B63FB000B83E8 /* profile_rewards.png in Resources */ = {isa = PBXBuildFile; fileRef = FE99BE071A7B63FB000B83E8 /* profile_rewards.png */; };
		FE99BE0A1A7B63FB000B83E8 /* profile_rewards_detail.png in Resources */ = {isa = PBXBuildFile; fileRef = FE99BE081A7B63FB000B83E8 /* profile_rewards_detail.png */; };
		FE99BE0F1A7B64CF000B83E8 /* RewardDetailsViewController.m in Sources */ = {isa = PBXBuildFile; fileRef = FE99BE0E1A7B64CF000B83E8 /* RewardDetailsViewController.m */; };
		FE99BE111A7B687A000B83E8 /* icn_back@2x.png in Resources */ = {isa = PBXBuildFile; fileRef = FE99BE101A7B687A000B83E8 /* icn_back@2x.png */; };
		FE99BE161A7B6F5E000B83E8 /* settings.png in Resources */ = {isa = PBXBuildFile; fileRef = FE99BE121A7B6F5E000B83E8 /* settings.png */; };
		FE99BE171A7B6F5E000B83E8 /* settings_dashboard.png in Resources */ = {isa = PBXBuildFile; fileRef = FE99BE131A7B6F5E000B83E8 /* settings_dashboard.png */; };
		FE99BE181A7B6F5E000B83E8 /* settings_notification.png in Resources */ = {isa = PBXBuildFile; fileRef = FE99BE141A7B6F5E000B83E8 /* settings_notification.png */; };
		FE99BE191A7B6F5E000B83E8 /* waterlevelsensor_ialerts.png in Resources */ = {isa = PBXBuildFile; fileRef = FE99BE151A7B6F5E000B83E8 /* waterlevelsensor_ialerts.png */; };
		FE99BE1C1A7B7918000B83E8 /* DashboardSettingsViewController.m in Sources */ = {isa = PBXBuildFile; fileRef = FE99BE1B1A7B7918000B83E8 /* DashboardSettingsViewController.m */; };
		FE99BE1F1A7B792B000B83E8 /* NotificationsSettingsViewController.m in Sources */ = {isa = PBXBuildFile; fileRef = FE99BE1E1A7B792B000B83E8 /* NotificationsSettingsViewController.m */; };
		FE99BE331A7B7E69000B83E8 /* Roboto-Black.ttf in Resources */ = {isa = PBXBuildFile; fileRef = FE99BE211A7B7D2B000B83E8 /* Roboto-Black.ttf */; };
		FE99BE341A7B7E69000B83E8 /* Roboto-BlackItalic.ttf in Resources */ = {isa = PBXBuildFile; fileRef = FE99BE221A7B7D2B000B83E8 /* Roboto-BlackItalic.ttf */; };
		FE99BE351A7B7E69000B83E8 /* Roboto-Bold.ttf in Resources */ = {isa = PBXBuildFile; fileRef = FE99BE231A7B7D2B000B83E8 /* Roboto-Bold.ttf */; };
		FE99BE361A7B7E69000B83E8 /* Roboto-BoldItalic.ttf in Resources */ = {isa = PBXBuildFile; fileRef = FE99BE241A7B7D2B000B83E8 /* Roboto-BoldItalic.ttf */; };
		FE99BE371A7B7E69000B83E8 /* Roboto-Italic.ttf in Resources */ = {isa = PBXBuildFile; fileRef = FE99BE251A7B7D2B000B83E8 /* Roboto-Italic.ttf */; };
		FE99BE381A7B7E69000B83E8 /* Roboto-Light.ttf in Resources */ = {isa = PBXBuildFile; fileRef = FE99BE261A7B7D2B000B83E8 /* Roboto-Light.ttf */; };
		FE99BE391A7B7E69000B83E8 /* Roboto-LightItalic.ttf in Resources */ = {isa = PBXBuildFile; fileRef = FE99BE271A7B7D2B000B83E8 /* Roboto-LightItalic.ttf */; };
		FE99BE3A1A7B7E69000B83E8 /* Roboto-Medium.ttf in Resources */ = {isa = PBXBuildFile; fileRef = FE99BE281A7B7D2B000B83E8 /* Roboto-Medium.ttf */; };
		FE99BE3B1A7B7E69000B83E8 /* Roboto-MediumItalic.ttf in Resources */ = {isa = PBXBuildFile; fileRef = FE99BE291A7B7D2B000B83E8 /* Roboto-MediumItalic.ttf */; };
		FE99BE3C1A7B7E69000B83E8 /* Roboto-Regular.ttf in Resources */ = {isa = PBXBuildFile; fileRef = FE99BE2A1A7B7D2B000B83E8 /* Roboto-Regular.ttf */; };
		FE99BE3D1A7B7E69000B83E8 /* Roboto-Thin.ttf in Resources */ = {isa = PBXBuildFile; fileRef = FE99BE2B1A7B7D2B000B83E8 /* Roboto-Thin.ttf */; };
		FE99BE3E1A7B7E69000B83E8 /* Roboto-ThinItalic.ttf in Resources */ = {isa = PBXBuildFile; fileRef = FE99BE2C1A7B7D2B000B83E8 /* Roboto-ThinItalic.ttf */; };
		FE99BE3F1A7B7E69000B83E8 /* RobotoCondensed-Bold.ttf in Resources */ = {isa = PBXBuildFile; fileRef = FE99BE2D1A7B7D2B000B83E8 /* RobotoCondensed-Bold.ttf */; };
		FE99BE401A7B7E69000B83E8 /* RobotoCondensed-BoldItalic.ttf in Resources */ = {isa = PBXBuildFile; fileRef = FE99BE2E1A7B7D2B000B83E8 /* RobotoCondensed-BoldItalic.ttf */; };
		FE99BE411A7B7E69000B83E8 /* RobotoCondensed-Italic.ttf in Resources */ = {isa = PBXBuildFile; fileRef = FE99BE2F1A7B7D2B000B83E8 /* RobotoCondensed-Italic.ttf */; };
		FE99BE421A7B7E69000B83E8 /* RobotoCondensed-Light.ttf in Resources */ = {isa = PBXBuildFile; fileRef = FE99BE301A7B7D2B000B83E8 /* RobotoCondensed-Light.ttf */; };
		FE99BE431A7B7E69000B83E8 /* RobotoCondensed-LightItalic.ttf in Resources */ = {isa = PBXBuildFile; fileRef = FE99BE311A7B7D2B000B83E8 /* RobotoCondensed-LightItalic.ttf */; };
		FE99BE441A7B7E69000B83E8 /* RobotoCondensed-Regular.ttf in Resources */ = {isa = PBXBuildFile; fileRef = FE99BE321A7B7D2B000B83E8 /* RobotoCondensed-Regular.ttf */; };
		FE99BE471A7B8015000B83E8 /* WaterLevelAlertsSettingViewController.m in Sources */ = {isa = PBXBuildFile; fileRef = FE99BE461A7B8015000B83E8 /* WaterLevelAlertsSettingViewController.m */; };
		FE9B55EE1A89B7B00045E4F9 /* CommonFunctions.m in Sources */ = {isa = PBXBuildFile; fileRef = FE9B55ED1A89B7B00045E4F9 /* CommonFunctions.m */; };
		FE9B55F51A89D6030045E4F9 /* ForgotPasswordViewController.m in Sources */ = {isa = PBXBuildFile; fileRef = FE9B55F41A89D6030045E4F9 /* ForgotPasswordViewController.m */; };
		FE9C8CAB1A847861001074DC /* icn_location@3x.png in Resources */ = {isa = PBXBuildFile; fileRef = FE9C8CAA1A847861001074DC /* icn_location@3x.png */; };
		FEA730201A772FDD00D274A6 /* main.m in Sources */ = {isa = PBXBuildFile; fileRef = FEA7301F1A772FDD00D274A6 /* main.m */; };
		FEA730231A772FDD00D274A6 /* AppDelegate.m in Sources */ = {isa = PBXBuildFile; fileRef = FEA730221A772FDD00D274A6 /* AppDelegate.m */; };
		FEA730261A772FDD00D274A6 /* ViewController.m in Sources */ = {isa = PBXBuildFile; fileRef = FEA730251A772FDD00D274A6 /* ViewController.m */; };
		FEA730291A772FDD00D274A6 /* Main.storyboard in Resources */ = {isa = PBXBuildFile; fileRef = FEA730271A772FDD00D274A6 /* Main.storyboard */; };
		FEA7302B1A772FDD00D274A6 /* Images.xcassets in Resources */ = {isa = PBXBuildFile; fileRef = FEA7302A1A772FDD00D274A6 /* Images.xcassets */; };
		FEA7302E1A772FDD00D274A6 /* LaunchScreen.xib in Resources */ = {isa = PBXBuildFile; fileRef = FEA7302C1A772FDD00D274A6 /* LaunchScreen.xib */; };
		FEA7303A1A772FDD00D274A6 /* MyWatersTests.m in Sources */ = {isa = PBXBuildFile; fileRef = FEA730391A772FDD00D274A6 /* MyWatersTests.m */; };
		FEA730471A7733D500D274A6 /* NSDataBase64.m in Sources */ = {isa = PBXBuildFile; fileRef = FEA730461A7733D500D274A6 /* NSDataBase64.m */; settings = {COMPILER_FLAGS = "-fno-objc-arc"; }; };
		FEA7304A1A7733E700D274A6 /* SFHFKeychainUtils.m in Sources */ = {isa = PBXBuildFile; fileRef = FEA730491A7733E700D274A6 /* SFHFKeychainUtils.m */; settings = {COMPILER_FLAGS = "-fno-objc-arc"; }; };
		FEA730521A7733F900D274A6 /* AuxilaryUIService.m in Sources */ = {isa = PBXBuildFile; fileRef = FEA7304D1A7733F900D274A6 /* AuxilaryUIService.m */; settings = {COMPILER_FLAGS = "-fno-objc-arc"; }; };
		FEA730531A7733F900D274A6 /* AuxilaryService.m in Sources */ = {isa = PBXBuildFile; fileRef = FEA7304F1A7733F900D274A6 /* AuxilaryService.m */; settings = {COMPILER_FLAGS = "-fno-objc-arc"; }; };
		FEA730541A7733F900D274A6 /* SharedObject.m in Sources */ = {isa = PBXBuildFile; fileRef = FEA730511A7733F900D274A6 /* SharedObject.m */; settings = {COMPILER_FLAGS = "-fno-objc-arc"; }; };
		FEA730721A77342100D274A6 /* ArrowImageView.m in Sources */ = {isa = PBXBuildFile; fileRef = FEA7305B1A77342100D274A6 /* ArrowImageView.m */; settings = {COMPILER_FLAGS = "-fno-objc-arc"; }; };
		FEA730731A77342100D274A6 /* UIColor-Expanded.m in Sources */ = {isa = PBXBuildFile; fileRef = FEA7305D1A77342100D274A6 /* UIColor-Expanded.m */; settings = {COMPILER_FLAGS = "-fno-objc-arc"; }; };
		FEA730741A77342100D274A6 /* WCAlertView.m in Sources */ = {isa = PBXBuildFile; fileRef = FEA7305F1A77342100D274A6 /* WCAlertView.m */; };
		FEA730751A77342100D274A6 /* UIButtonIndexPathAndBlock.m in Sources */ = {isa = PBXBuildFile; fileRef = FEA730611A77342100D274A6 /* UIButtonIndexPathAndBlock.m */; settings = {COMPILER_FLAGS = "-fno-objc-arc"; }; };
		FEA730761A77342100D274A6 /* ShowImageView.m in Sources */ = {isa = PBXBuildFile; fileRef = FEA730631A77342100D274A6 /* ShowImageView.m */; settings = {COMPILER_FLAGS = "-fno-objc-arc"; }; };
		FEA730771A77342100D274A6 /* UIViewCategories.m in Sources */ = {isa = PBXBuildFile; fileRef = FEA730651A77342100D274A6 /* UIViewCategories.m */; settings = {COMPILER_FLAGS = "-fno-objc-arc"; }; };
		FEA730781A77342100D274A6 /* UnderlinedLabel.m in Sources */ = {isa = PBXBuildFile; fileRef = FEA730671A77342100D274A6 /* UnderlinedLabel.m */; settings = {COMPILER_FLAGS = "-fno-objc-arc"; }; };
		FEA730791A77342100D274A6 /* UIImage+ProportionalFill.m in Sources */ = {isa = PBXBuildFile; fileRef = FEA730691A77342100D274A6 /* UIImage+ProportionalFill.m */; };
		FEA7307A1A77342100D274A6 /* AsyncImageView.m in Sources */ = {isa = PBXBuildFile; fileRef = FEA7306B1A77342100D274A6 /* AsyncImageView.m */; settings = {COMPILER_FLAGS = "-fno-objc-arc"; }; };
		FEA7307B1A77342100D274A6 /* AutoResizeImageView.m in Sources */ = {isa = PBXBuildFile; fileRef = FEA7306D1A77342100D274A6 /* AutoResizeImageView.m */; };
		FEA7307C1A77342100D274A6 /* IIViewDeckController.m in Sources */ = {isa = PBXBuildFile; fileRef = FEA7306F1A77342100D274A6 /* IIViewDeckController.m */; };
		FEA7307D1A77342100D274A6 /* IIWrapController.m in Sources */ = {isa = PBXBuildFile; fileRef = FEA730711A77342100D274A6 /* IIWrapController.m */; };
		FEA730831A77343D00D274A6 /* SideMenuOptionsViewController.m in Sources */ = {isa = PBXBuildFile; fileRef = FEA730801A77343D00D274A6 /* SideMenuOptionsViewController.m */; };
		FEA730841A77343D00D274A6 /* ViewControllerHelper.m in Sources */ = {isa = PBXBuildFile; fileRef = FEA730821A77343D00D274A6 /* ViewControllerHelper.m */; };
		FEA730921A77351F00D274A6 /* HomeViewController.m in Sources */ = {isa = PBXBuildFile; fileRef = FEA730911A77351F00D274A6 /* HomeViewController.m */; };
		FEA730951A77352700D274A6 /* NotificationsViewController.m in Sources */ = {isa = PBXBuildFile; fileRef = FEA730941A77352700D274A6 /* NotificationsViewController.m */; };
		FEA730981A77352F00D274A6 /* WhatsUpViewController.m in Sources */ = {isa = PBXBuildFile; fileRef = FEA730971A77352F00D274A6 /* WhatsUpViewController.m */; };
		FEA7309E1A77353F00D274A6 /* ABCWatersViewController.m in Sources */ = {isa = PBXBuildFile; fileRef = FEA7309D1A77353F00D274A6 /* ABCWatersViewController.m */; };
		FEA730A11A77354800D274A6 /* EventsViewController.m in Sources */ = {isa = PBXBuildFile; fileRef = FEA730A01A77354800D274A6 /* EventsViewController.m */; };
		FEA730A41A77354F00D274A6 /* BookingViewController.m in Sources */ = {isa = PBXBuildFile; fileRef = FEA730A31A77354F00D274A6 /* BookingViewController.m */; };
		FEA730A71A77355800D274A6 /* FeedbackViewController.m in Sources */ = {isa = PBXBuildFile; fileRef = FEA730A61A77355800D274A6 /* FeedbackViewController.m */; };
		FEA730AA1A77356000D274A6 /* SettingsViewController.m in Sources */ = {isa = PBXBuildFile; fileRef = FEA730A91A77356000D274A6 /* SettingsViewController.m */; };
		FEA730AD1A77356A00D274A6 /* ProfileViewController.m in Sources */ = {isa = PBXBuildFile; fileRef = FEA730AC1A77356A00D274A6 /* ProfileViewController.m */; };
		FEA730B01A77357300D274A6 /* FavouritesViewController.m in Sources */ = {isa = PBXBuildFile; fileRef = FEA730AF1A77357300D274A6 /* FavouritesViewController.m */; };
		FEA730B41A77395700D274A6 /* dashboard.png in Resources */ = {isa = PBXBuildFile; fileRef = FEA730B31A77395700D274A6 /* dashboard.png */; };
		FEA730B71A77396800D274A6 /* icn_menu@2x.png in Resources */ = {isa = PBXBuildFile; fileRef = FEA730B61A77396800D274A6 /* icn_menu@2x.png */; };
		FEB13FB41A77658A0061CE74 /* QuickMapViewController.m in Sources */ = {isa = PBXBuildFile; fileRef = FEB13FB31A77658A0061CE74 /* QuickMapViewController.m */; };
		FEB13FC11A7766410061CE74 /* icn_abcwaters@3x.png in Resources */ = {isa = PBXBuildFile; fileRef = FEB13FB61A7766410061CE74 /* icn_abcwaters@3x.png */; };
		FEB13FC21A7766410061CE74 /* icn_booking@3x.png in Resources */ = {isa = PBXBuildFile; fileRef = FEB13FB71A7766410061CE74 /* icn_booking@3x.png */; };
		FEB13FC31A7766410061CE74 /* icn_events@3x.png in Resources */ = {isa = PBXBuildFile; fileRef = FEB13FB81A7766410061CE74 /* icn_events@3x.png */; };
		FEB13FC41A7766410061CE74 /* icn_favourites@3x.png in Resources */ = {isa = PBXBuildFile; fileRef = FEB13FB91A7766410061CE74 /* icn_favourites@3x.png */; };
		FEB13FC51A7766410061CE74 /* icn_feedback@3x.png in Resources */ = {isa = PBXBuildFile; fileRef = FEB13FBA1A7766410061CE74 /* icn_feedback@3x.png */; };
		FEB13FC61A7766410061CE74 /* icn_home@3x.png in Resources */ = {isa = PBXBuildFile; fileRef = FEB13FBB1A7766410061CE74 /* icn_home@3x.png */; };
		FEB13FC71A7766410061CE74 /* icn_notifications@3x.png in Resources */ = {isa = PBXBuildFile; fileRef = FEB13FBC1A7766410061CE74 /* icn_notifications@3x.png */; };
		FEB13FC81A7766410061CE74 /* icn_profile@3x.png in Resources */ = {isa = PBXBuildFile; fileRef = FEB13FBD1A7766410061CE74 /* icn_profile@3x.png */; };
		FEB13FC91A7766410061CE74 /* icn_quickmap@3x.png in Resources */ = {isa = PBXBuildFile; fileRef = FEB13FBE1A7766410061CE74 /* icn_quickmap@3x.png */; };
		FEB13FCA1A7766410061CE74 /* icn_settings@3x.png in Resources */ = {isa = PBXBuildFile; fileRef = FEB13FBF1A7766410061CE74 /* icn_settings@3x.png */; };
		FEB13FCB1A7766410061CE74 /* icn_whatsup@3x.png in Resources */ = {isa = PBXBuildFile; fileRef = FEB13FC01A7766410061CE74 /* icn_whatsup@3x.png */; };
		FEB13FD21A7788610061CE74 /* CCTVListingController.m in Sources */ = {isa = PBXBuildFile; fileRef = FEB13FD11A7788610061CE74 /* CCTVListingController.m */; };
		FEB13FD51A778D2B0061CE74 /* whatsup_feed.png in Resources */ = {isa = PBXBuildFile; fileRef = FEB13FD31A778D2B0061CE74 /* whatsup_feed.png */; };
		FEB13FD91A77968B0061CE74 /* quickmap_expanded.png in Resources */ = {isa = PBXBuildFile; fileRef = FEB13FD71A77968B0061CE74 /* quickmap_expanded.png */; };
		FEB13FDA1A77968B0061CE74 /* quickmap.png in Resources */ = {isa = PBXBuildFile; fileRef = FEB13FD81A77968B0061CE74 /* quickmap.png */; };
		FEF43C241A79EE7B00237CAD /* events_listing.png in Resources */ = {isa = PBXBuildFile; fileRef = FEF43C231A79EE7B00237CAD /* events_listing.png */; };
		FEF43C261A79EE9400237CAD /* events_filter.png in Resources */ = {isa = PBXBuildFile; fileRef = FEF43C251A79EE9400237CAD /* events_filter.png */; };
		FEF43C2A1A79F17500237CAD /* events_detail_options.png in Resources */ = {isa = PBXBuildFile; fileRef = FEF43C281A79F17500237CAD /* events_detail_options.png */; };
		FEF43C2D1A7A099A00237CAD /* EventsDetailsViewController.m in Sources */ = {isa = PBXBuildFile; fileRef = FEF43C2C1A7A099900237CAD /* EventsDetailsViewController.m */; };
		FEF43C2F1A7A0F9B00237CAD /* cctv_detail_options.png in Resources */ = {isa = PBXBuildFile; fileRef = FEF43C2E1A7A0F9B00237CAD /* cctv_detail_options.png */; };
		FEF43C321A7A156D00237CAD /* CCTVDetailViewController.m in Sources */ = {isa = PBXBuildFile; fileRef = FEF43C311A7A156D00237CAD /* CCTVDetailViewController.m */; };
		FEFBFF211A80AB9400E485E9 /* libsqlite3.0.dylib in Frameworks */ = {isa = PBXBuildFile; fileRef = FEFBFF201A80AB9400E485E9 /* libsqlite3.0.dylib */; };
		FEFBFF2B1A80D24E00E485E9 /* icn_arrow_down@3x.png in Resources */ = {isa = PBXBuildFile; fileRef = FEFBFF271A80D24E00E485E9 /* icn_arrow_down@3x.png */; };
		FEFBFF2C1A80D24E00E485E9 /* icn_call@3x.png in Resources */ = {isa = PBXBuildFile; fileRef = FEFBFF281A80D24E00E485E9 /* icn_call@3x.png */; };
		FEFBFF2D1A80D24E00E485E9 /* icn_image@3x.png in Resources */ = {isa = PBXBuildFile; fileRef = FEFBFF291A80D24E00E485E9 /* icn_image@3x.png */; };
/* End PBXBuildFile section */

/* Begin PBXContainerItemProxy section */
		FEA730341A772FDD00D274A6 /* PBXContainerItemProxy */ = {
			isa = PBXContainerItemProxy;
			containerPortal = FEA730121A772FDD00D274A6 /* Project object */;
			proxyType = 1;
			remoteGlobalIDString = FEA730191A772FDD00D274A6;
			remoteInfo = MyWaters;
		};
/* End PBXContainerItemProxy section */

/* Begin PBXFileReference section */
		FE4F37581A8862B50028903C /* WelcomeViewController.h */ = {isa = PBXFileReference; fileEncoding = 4; lastKnownFileType = sourcecode.c.h; path = WelcomeViewController.h; sourceTree = "<group>"; };
		FE4F37591A8862B50028903C /* WelcomeViewController.m */ = {isa = PBXFileReference; fileEncoding = 4; lastKnownFileType = sourcecode.c.objc; path = WelcomeViewController.m; sourceTree = "<group>"; };
		FE4F375B1A8862C10028903C /* LoginViewController.h */ = {isa = PBXFileReference; fileEncoding = 4; lastKnownFileType = sourcecode.c.h; path = LoginViewController.h; sourceTree = "<group>"; };
		FE4F375C1A8862C10028903C /* LoginViewController.m */ = {isa = PBXFileReference; fileEncoding = 4; lastKnownFileType = sourcecode.c.objc; path = LoginViewController.m; sourceTree = "<group>"; };
		FE4F375E1A8862CD0028903C /* SignUpViewController.h */ = {isa = PBXFileReference; fileEncoding = 4; lastKnownFileType = sourcecode.c.h; path = SignUpViewController.h; sourceTree = "<group>"; };
		FE4F375F1A8862CD0028903C /* SignUpViewController.m */ = {isa = PBXFileReference; fileEncoding = 4; lastKnownFileType = sourcecode.c.objc; path = SignUpViewController.m; sourceTree = "<group>"; };
		FE4F37621A8863390028903C /* btn_blue@3x.png */ = {isa = PBXFileReference; lastKnownFileType = image.png; path = "btn_blue@3x.png"; sourceTree = "<group>"; };
		FE4F37631A8863390028903C /* btn_darkgrey@3x.png */ = {isa = PBXFileReference; lastKnownFileType = image.png; path = "btn_darkgrey@3x.png"; sourceTree = "<group>"; };
		FE4F37641A8863390028903C /* btn_lightgrey@3x.png */ = {isa = PBXFileReference; lastKnownFileType = image.png; path = "btn_lightgrey@3x.png"; sourceTree = "<group>"; };
		FE4F37651A8863390028903C /* image_background@3x.png */ = {isa = PBXFileReference; lastKnownFileType = image.png; path = "image_background@3x.png"; sourceTree = "<group>"; };
		FE4F37661A8863390028903C /* image_mywaters@3x.png */ = {isa = PBXFileReference; lastKnownFileType = image.png; path = "image_mywaters@3x.png"; sourceTree = "<group>"; };
		FE4F37671A8863390028903C /* image_waterwally@3x.png */ = {isa = PBXFileReference; lastKnownFileType = image.png; path = "image_waterwally@3x.png"; sourceTree = "<group>"; };
		FE4F376E1A8870DC0028903C /* welcome_background@3x.png */ = {isa = PBXFileReference; lastKnownFileType = image.png; path = "welcome_background@3x.png"; sourceTree = "<group>"; };
		FE4F37701A888A3E0028903C /* image_avatar.png */ = {isa = PBXFileReference; lastKnownFileType = image.png; path = image_avatar.png; sourceTree = "<group>"; };
		FE4F37711A888A3E0028903C /* icn_facebook@3x.png */ = {isa = PBXFileReference; lastKnownFileType = image.png; path = "icn_facebook@3x.png"; sourceTree = "<group>"; };
		FE4F37771A88A6DC0028903C /* checkbox@3x.png */ = {isa = PBXFileReference; lastKnownFileType = image.png; path = "checkbox@3x.png"; sourceTree = "<group>"; };
		FE4F37781A88A6DC0028903C /* icon_tick@3x.png */ = {isa = PBXFileReference; lastKnownFileType = image.png; path = "icon_tick@3x.png"; sourceTree = "<group>"; };
		FE5A46A31A8C57AF00517FB5 /* icn_addtofavorites@3x.png */ = {isa = PBXFileReference; lastKnownFileType = image.png; path = "icn_addtofavorites@3x.png"; sourceTree = "<group>"; };
		FE5A46A41A8C57AF00517FB5 /* icn_favorited@3x.png */ = {isa = PBXFileReference; lastKnownFileType = image.png; path = "icn_favorited@3x.png"; sourceTree = "<group>"; };
		FE5A46A51A8C57AF00517FB5 /* icn_notifyme@3x.png */ = {isa = PBXFileReference; lastKnownFileType = image.png; path = "icn_notifyme@3x.png"; sourceTree = "<group>"; };
		FE5A46A61A8C57AF00517FB5 /* icn_share@3x.png */ = {isa = PBXFileReference; lastKnownFileType = image.png; path = "icn_share@3x.png"; sourceTree = "<group>"; };
		FE7FD0831A7F3933002A05CB /* favourites.png */ = {isa = PBXFileReference; lastKnownFileType = image.png; path = favourites.png; sourceTree = "<group>"; };
		FE7FD0881A7F50E5002A05CB /* notifications.png */ = {isa = PBXFileReference; lastKnownFileType = image.png; path = notifications.png; sourceTree = "<group>"; };
		FE7FD08A1A7F5317002A05CB /* whatsup_explore.png */ = {isa = PBXFileReference; lastKnownFileType = image.png; path = whatsup_explore.png; sourceTree = "<group>"; };
		FE7FD08C1A7F53CE002A05CB /* icn_3dots@3x.png */ = {isa = PBXFileReference; lastKnownFileType = image.png; path = "icn_3dots@3x.png"; sourceTree = "<group>"; };
		FE7FD08D1A7F53CE002A05CB /* icn_filter@3x.png */ = {isa = PBXFileReference; lastKnownFileType = image.png; path = "icn_filter@3x.png"; sourceTree = "<group>"; };
		FE7FD0931A7F6FBD002A05CB /* BEBAS___.TTF */ = {isa = PBXFileReference; lastKnownFileType = file; path = "BEBAS___.TTF"; sourceTree = "<group>"; };
		FE7FD0941A7F6FBD002A05CB /* BebasNeue.otf */ = {isa = PBXFileReference; lastKnownFileType = file; path = BebasNeue.otf; sourceTree = "<group>"; };
		FE82AC471A92DBA500CCC94D /* ARViewController.h */ = {isa = PBXFileReference; fileEncoding = 4; lastKnownFileType = sourcecode.c.h; path = ARViewController.h; sourceTree = "<group>"; };
		FE82AC481A92DBA500CCC94D /* ARViewController.m */ = {isa = PBXFileReference; fileEncoding = 4; lastKnownFileType = sourcecode.c.objc; path = ARViewController.m; sourceTree = "<group>"; };
		FE82AC4B1A92DE0800CCC94D /* ARCoordinate.h */ = {isa = PBXFileReference; fileEncoding = 4; lastKnownFileType = sourcecode.c.h; path = ARCoordinate.h; sourceTree = "<group>"; };
		FE82AC4C1A92DE0800CCC94D /* ARCoordinate.m */ = {isa = PBXFileReference; fileEncoding = 4; lastKnownFileType = sourcecode.c.objc; path = ARCoordinate.m; sourceTree = "<group>"; };
		FE82AC4D1A92DE0800CCC94D /* ARGeoCoordinate.h */ = {isa = PBXFileReference; fileEncoding = 4; lastKnownFileType = sourcecode.c.h; path = ARGeoCoordinate.h; sourceTree = "<group>"; };
		FE82AC4E1A92DE0800CCC94D /* ARGeoCoordinate.m */ = {isa = PBXFileReference; fileEncoding = 4; lastKnownFileType = sourcecode.c.objc; path = ARGeoCoordinate.m; sourceTree = "<group>"; };
		FE82AC4F1A92DE0800CCC94D /* ARKit.h */ = {isa = PBXFileReference; fileEncoding = 4; lastKnownFileType = sourcecode.c.h; path = ARKit.h; sourceTree = "<group>"; };
		FE82AC501A92DE0800CCC94D /* ARKit.m */ = {isa = PBXFileReference; fileEncoding = 4; lastKnownFileType = sourcecode.c.objc; path = ARKit.m; sourceTree = "<group>"; };
		FE82AC511A92DE0800CCC94D /* ARLocationDelegate.h */ = {isa = PBXFileReference; fileEncoding = 4; lastKnownFileType = sourcecode.c.h; path = ARLocationDelegate.h; sourceTree = "<group>"; };
		FE82AC521A92DE0800CCC94D /* ARViewProtocol.h */ = {isa = PBXFileReference; fileEncoding = 4; lastKnownFileType = sourcecode.c.h; path = ARViewProtocol.h; sourceTree = "<group>"; };
		FE82AC531A92DE0800CCC94D /* AugmentedRealityController.h */ = {isa = PBXFileReference; fileEncoding = 4; lastKnownFileType = sourcecode.c.h; path = AugmentedRealityController.h; sourceTree = "<group>"; };
		FE82AC541A92DE0800CCC94D /* AugmentedRealityController.m */ = {isa = PBXFileReference; fileEncoding = 4; lastKnownFileType = sourcecode.c.objc; path = AugmentedRealityController.m; sourceTree = "<group>"; };
		FE82AC551A92DE0800CCC94D /* GEOLocations.h */ = {isa = PBXFileReference; fileEncoding = 4; lastKnownFileType = sourcecode.c.h; path = GEOLocations.h; sourceTree = "<group>"; };
		FE82AC561A92DE0800CCC94D /* GEOLocations.m */ = {isa = PBXFileReference; fileEncoding = 4; lastKnownFileType = sourcecode.c.objc; path = GEOLocations.m; sourceTree = "<group>"; };
		FE82AC5C1A92E34100CCC94D /* MarkerView.h */ = {isa = PBXFileReference; fileEncoding = 4; lastKnownFileType = sourcecode.c.h; path = MarkerView.h; sourceTree = "<group>"; };
		FE82AC5D1A92E34100CCC94D /* MarkerView.m */ = {isa = PBXFileReference; fileEncoding = 4; lastKnownFileType = sourcecode.c.objc; path = MarkerView.m; sourceTree = "<group>"; };
		FE82AC641A93312700CCC94D /* Place.h */ = {isa = PBXFileReference; fileEncoding = 4; lastKnownFileType = sourcecode.c.h; path = Place.h; sourceTree = "<group>"; };
		FE82AC651A93312700CCC94D /* Place.m */ = {isa = PBXFileReference; fileEncoding = 4; lastKnownFileType = sourcecode.c.objc; path = Place.m; sourceTree = "<group>"; };
		FE82AC671A93363000CCC94D /* MyWaters.sqlite */ = {isa = PBXFileReference; lastKnownFileType = file; path = MyWaters.sqlite; sourceTree = "<group>"; };
		FE8DC62B1A944C1600F3C718 /* icn_volly@3x.png */ = {isa = PBXFileReference; lastKnownFileType = image.png; path = "icn_volly@3x.png"; sourceTree = "<group>"; };
		FE99BDEE1A7B28C3000B83E8 /* ABCWaterDetailViewController.h */ = {isa = PBXFileReference; fileEncoding = 4; lastKnownFileType = sourcecode.c.h; path = ABCWaterDetailViewController.h; sourceTree = "<group>"; };
		FE99BDEF1A7B28C3000B83E8 /* ABCWaterDetailViewController.m */ = {isa = PBXFileReference; fileEncoding = 4; lastKnownFileType = sourcecode.c.objc; path = ABCWaterDetailViewController.m; sourceTree = "<group>"; };
		FE99BDF11A7B295D000B83E8 /* waterlevelsensor_detail.png */ = {isa = PBXFileReference; lastKnownFileType = image.png; path = waterlevelsensor_detail.png; sourceTree = "<group>"; };
		FE99BDF31A7B2CD7000B83E8 /* abcwaters_grid.png */ = {isa = PBXFileReference; lastKnownFileType = image.png; path = abcwaters_grid.png; sourceTree = "<group>"; };
		FE99BDF41A7B2CD7000B83E8 /* abcwaters_list.png */ = {isa = PBXFileReference; lastKnownFileType = image.png; path = abcwaters_list.png; sourceTree = "<group>"; };
		FE99BDF71A7B3D51000B83E8 /* abcwaters_detail_options.png */ = {isa = PBXFileReference; lastKnownFileType = image.png; path = abcwaters_detail_options.png; sourceTree = "<group>"; };
		FE99BDFC1A7B3F93000B83E8 /* CustomButtons.h */ = {isa = PBXFileReference; fileEncoding = 4; lastKnownFileType = sourcecode.c.h; path = CustomButtons.h; sourceTree = "<group>"; };
		FE99BDFD1A7B3F93000B83E8 /* CustomButtons.m */ = {isa = PBXFileReference; fileEncoding = 4; lastKnownFileType = sourcecode.c.objc; path = CustomButtons.m; sourceTree = "<group>"; };
		FE99BE001A7B40B8000B83E8 /* icn_back_old@2x.png */ = {isa = PBXFileReference; lastKnownFileType = image.png; path = "icn_back_old@2x.png"; sourceTree = "<group>"; };
		FE99BE021A7B6316000B83E8 /* profile.png */ = {isa = PBXFileReference; lastKnownFileType = image.png; path = profile.png; sourceTree = "<group>"; };
		FE99BE041A7B63B3000B83E8 /* RewardsListingViewController.h */ = {isa = PBXFileReference; fileEncoding = 4; lastKnownFileType = sourcecode.c.h; path = RewardsListingViewController.h; sourceTree = "<group>"; };
		FE99BE051A7B63B3000B83E8 /* RewardsListingViewController.m */ = {isa = PBXFileReference; fileEncoding = 4; lastKnownFileType = sourcecode.c.objc; path = RewardsListingViewController.m; sourceTree = "<group>"; };
		FE99BE071A7B63FB000B83E8 /* profile_rewards.png */ = {isa = PBXFileReference; lastKnownFileType = image.png; path = profile_rewards.png; sourceTree = "<group>"; };
		FE99BE081A7B63FB000B83E8 /* profile_rewards_detail.png */ = {isa = PBXFileReference; lastKnownFileType = image.png; path = profile_rewards_detail.png; sourceTree = "<group>"; };
		FE99BE0D1A7B64CF000B83E8 /* RewardDetailsViewController.h */ = {isa = PBXFileReference; fileEncoding = 4; lastKnownFileType = sourcecode.c.h; path = RewardDetailsViewController.h; sourceTree = "<group>"; };
		FE99BE0E1A7B64CF000B83E8 /* RewardDetailsViewController.m */ = {isa = PBXFileReference; fileEncoding = 4; lastKnownFileType = sourcecode.c.objc; path = RewardDetailsViewController.m; sourceTree = "<group>"; };
		FE99BE101A7B687A000B83E8 /* icn_back@2x.png */ = {isa = PBXFileReference; lastKnownFileType = image.png; path = "icn_back@2x.png"; sourceTree = "<group>"; };
		FE99BE121A7B6F5E000B83E8 /* settings.png */ = {isa = PBXFileReference; lastKnownFileType = image.png; path = settings.png; sourceTree = "<group>"; };
		FE99BE131A7B6F5E000B83E8 /* settings_dashboard.png */ = {isa = PBXFileReference; lastKnownFileType = image.png; path = settings_dashboard.png; sourceTree = "<group>"; };
		FE99BE141A7B6F5E000B83E8 /* settings_notification.png */ = {isa = PBXFileReference; lastKnownFileType = image.png; path = settings_notification.png; sourceTree = "<group>"; };
		FE99BE151A7B6F5E000B83E8 /* waterlevelsensor_ialerts.png */ = {isa = PBXFileReference; lastKnownFileType = image.png; path = waterlevelsensor_ialerts.png; sourceTree = "<group>"; };
		FE99BE1A1A7B7918000B83E8 /* DashboardSettingsViewController.h */ = {isa = PBXFileReference; fileEncoding = 4; lastKnownFileType = sourcecode.c.h; path = DashboardSettingsViewController.h; sourceTree = "<group>"; };
		FE99BE1B1A7B7918000B83E8 /* DashboardSettingsViewController.m */ = {isa = PBXFileReference; fileEncoding = 4; lastKnownFileType = sourcecode.c.objc; path = DashboardSettingsViewController.m; sourceTree = "<group>"; };
		FE99BE1D1A7B792B000B83E8 /* NotificationsSettingsViewController.h */ = {isa = PBXFileReference; fileEncoding = 4; lastKnownFileType = sourcecode.c.h; path = NotificationsSettingsViewController.h; sourceTree = "<group>"; };
		FE99BE1E1A7B792B000B83E8 /* NotificationsSettingsViewController.m */ = {isa = PBXFileReference; fileEncoding = 4; lastKnownFileType = sourcecode.c.objc; path = NotificationsSettingsViewController.m; sourceTree = "<group>"; };
		FE99BE211A7B7D2B000B83E8 /* Roboto-Black.ttf */ = {isa = PBXFileReference; lastKnownFileType = file; path = "Roboto-Black.ttf"; sourceTree = "<group>"; };
		FE99BE221A7B7D2B000B83E8 /* Roboto-BlackItalic.ttf */ = {isa = PBXFileReference; lastKnownFileType = file; path = "Roboto-BlackItalic.ttf"; sourceTree = "<group>"; };
		FE99BE231A7B7D2B000B83E8 /* Roboto-Bold.ttf */ = {isa = PBXFileReference; lastKnownFileType = file; path = "Roboto-Bold.ttf"; sourceTree = "<group>"; };
		FE99BE241A7B7D2B000B83E8 /* Roboto-BoldItalic.ttf */ = {isa = PBXFileReference; lastKnownFileType = file; path = "Roboto-BoldItalic.ttf"; sourceTree = "<group>"; };
		FE99BE251A7B7D2B000B83E8 /* Roboto-Italic.ttf */ = {isa = PBXFileReference; lastKnownFileType = file; path = "Roboto-Italic.ttf"; sourceTree = "<group>"; };
		FE99BE261A7B7D2B000B83E8 /* Roboto-Light.ttf */ = {isa = PBXFileReference; lastKnownFileType = file; path = "Roboto-Light.ttf"; sourceTree = "<group>"; };
		FE99BE271A7B7D2B000B83E8 /* Roboto-LightItalic.ttf */ = {isa = PBXFileReference; lastKnownFileType = file; path = "Roboto-LightItalic.ttf"; sourceTree = "<group>"; };
		FE99BE281A7B7D2B000B83E8 /* Roboto-Medium.ttf */ = {isa = PBXFileReference; lastKnownFileType = file; path = "Roboto-Medium.ttf"; sourceTree = "<group>"; };
		FE99BE291A7B7D2B000B83E8 /* Roboto-MediumItalic.ttf */ = {isa = PBXFileReference; lastKnownFileType = file; path = "Roboto-MediumItalic.ttf"; sourceTree = "<group>"; };
		FE99BE2A1A7B7D2B000B83E8 /* Roboto-Regular.ttf */ = {isa = PBXFileReference; lastKnownFileType = file; path = "Roboto-Regular.ttf"; sourceTree = "<group>"; };
		FE99BE2B1A7B7D2B000B83E8 /* Roboto-Thin.ttf */ = {isa = PBXFileReference; lastKnownFileType = file; path = "Roboto-Thin.ttf"; sourceTree = "<group>"; };
		FE99BE2C1A7B7D2B000B83E8 /* Roboto-ThinItalic.ttf */ = {isa = PBXFileReference; lastKnownFileType = file; path = "Roboto-ThinItalic.ttf"; sourceTree = "<group>"; };
		FE99BE2D1A7B7D2B000B83E8 /* RobotoCondensed-Bold.ttf */ = {isa = PBXFileReference; lastKnownFileType = file; path = "RobotoCondensed-Bold.ttf"; sourceTree = "<group>"; };
		FE99BE2E1A7B7D2B000B83E8 /* RobotoCondensed-BoldItalic.ttf */ = {isa = PBXFileReference; lastKnownFileType = file; path = "RobotoCondensed-BoldItalic.ttf"; sourceTree = "<group>"; };
		FE99BE2F1A7B7D2B000B83E8 /* RobotoCondensed-Italic.ttf */ = {isa = PBXFileReference; lastKnownFileType = file; path = "RobotoCondensed-Italic.ttf"; sourceTree = "<group>"; };
		FE99BE301A7B7D2B000B83E8 /* RobotoCondensed-Light.ttf */ = {isa = PBXFileReference; lastKnownFileType = file; path = "RobotoCondensed-Light.ttf"; sourceTree = "<group>"; };
		FE99BE311A7B7D2B000B83E8 /* RobotoCondensed-LightItalic.ttf */ = {isa = PBXFileReference; lastKnownFileType = file; path = "RobotoCondensed-LightItalic.ttf"; sourceTree = "<group>"; };
		FE99BE321A7B7D2B000B83E8 /* RobotoCondensed-Regular.ttf */ = {isa = PBXFileReference; lastKnownFileType = file; path = "RobotoCondensed-Regular.ttf"; sourceTree = "<group>"; };
		FE99BE451A7B8015000B83E8 /* WaterLevelAlertsSettingViewController.h */ = {isa = PBXFileReference; fileEncoding = 4; lastKnownFileType = sourcecode.c.h; path = WaterLevelAlertsSettingViewController.h; sourceTree = "<group>"; };
		FE99BE461A7B8015000B83E8 /* WaterLevelAlertsSettingViewController.m */ = {isa = PBXFileReference; fileEncoding = 4; lastKnownFileType = sourcecode.c.objc; path = WaterLevelAlertsSettingViewController.m; sourceTree = "<group>"; };
		FE9B55EC1A89B7B00045E4F9 /* CommonFunctions.h */ = {isa = PBXFileReference; fileEncoding = 4; lastKnownFileType = sourcecode.c.h; path = CommonFunctions.h; sourceTree = "<group>"; };
		FE9B55ED1A89B7B00045E4F9 /* CommonFunctions.m */ = {isa = PBXFileReference; fileEncoding = 4; lastKnownFileType = sourcecode.c.objc; path = CommonFunctions.m; sourceTree = "<group>"; };
		FE9B55F31A89D6030045E4F9 /* ForgotPasswordViewController.h */ = {isa = PBXFileReference; fileEncoding = 4; lastKnownFileType = sourcecode.c.h; path = ForgotPasswordViewController.h; sourceTree = "<group>"; };
		FE9B55F41A89D6030045E4F9 /* ForgotPasswordViewController.m */ = {isa = PBXFileReference; fileEncoding = 4; lastKnownFileType = sourcecode.c.objc; path = ForgotPasswordViewController.m; sourceTree = "<group>"; };
		FE9C8CAA1A847861001074DC /* icn_location@3x.png */ = {isa = PBXFileReference; lastKnownFileType = image.png; path = "icn_location@3x.png"; sourceTree = "<group>"; };
		FEA7301A1A772FDD00D274A6 /* MyWaters.app */ = {isa = PBXFileReference; explicitFileType = wrapper.application; includeInIndex = 0; path = MyWaters.app; sourceTree = BUILT_PRODUCTS_DIR; };
		FEA7301E1A772FDD00D274A6 /* Info.plist */ = {isa = PBXFileReference; lastKnownFileType = text.plist.xml; path = Info.plist; sourceTree = "<group>"; };
		FEA7301F1A772FDD00D274A6 /* main.m */ = {isa = PBXFileReference; lastKnownFileType = sourcecode.c.objc; path = main.m; sourceTree = "<group>"; };
		FEA730211A772FDD00D274A6 /* AppDelegate.h */ = {isa = PBXFileReference; lastKnownFileType = sourcecode.c.h; path = AppDelegate.h; sourceTree = "<group>"; };
		FEA730221A772FDD00D274A6 /* AppDelegate.m */ = {isa = PBXFileReference; lastKnownFileType = sourcecode.c.objc; path = AppDelegate.m; sourceTree = "<group>"; };
		FEA730241A772FDD00D274A6 /* ViewController.h */ = {isa = PBXFileReference; lastKnownFileType = sourcecode.c.h; path = ViewController.h; sourceTree = "<group>"; };
		FEA730251A772FDD00D274A6 /* ViewController.m */ = {isa = PBXFileReference; lastKnownFileType = sourcecode.c.objc; path = ViewController.m; sourceTree = "<group>"; };
		FEA730281A772FDD00D274A6 /* Base */ = {isa = PBXFileReference; lastKnownFileType = file.storyboard; name = Base; path = Base.lproj/Main.storyboard; sourceTree = "<group>"; };
		FEA7302A1A772FDD00D274A6 /* Images.xcassets */ = {isa = PBXFileReference; lastKnownFileType = folder.assetcatalog; path = Images.xcassets; sourceTree = "<group>"; };
		FEA7302D1A772FDD00D274A6 /* Base */ = {isa = PBXFileReference; lastKnownFileType = file.xib; name = Base; path = Base.lproj/LaunchScreen.xib; sourceTree = "<group>"; };
		FEA730331A772FDD00D274A6 /* MyWatersTests.xctest */ = {isa = PBXFileReference; explicitFileType = wrapper.cfbundle; includeInIndex = 0; path = MyWatersTests.xctest; sourceTree = BUILT_PRODUCTS_DIR; };
		FEA730381A772FDD00D274A6 /* Info.plist */ = {isa = PBXFileReference; lastKnownFileType = text.plist.xml; path = Info.plist; sourceTree = "<group>"; };
		FEA730391A772FDD00D274A6 /* MyWatersTests.m */ = {isa = PBXFileReference; lastKnownFileType = sourcecode.c.objc; path = MyWatersTests.m; sourceTree = "<group>"; };
		FEA730451A7733D500D274A6 /* NSDataBase64.h */ = {isa = PBXFileReference; fileEncoding = 4; lastKnownFileType = sourcecode.c.h; path = NSDataBase64.h; sourceTree = "<group>"; };
		FEA730461A7733D500D274A6 /* NSDataBase64.m */ = {isa = PBXFileReference; fileEncoding = 4; lastKnownFileType = sourcecode.c.objc; path = NSDataBase64.m; sourceTree = "<group>"; };
		FEA730481A7733E700D274A6 /* SFHFKeychainUtils.h */ = {isa = PBXFileReference; fileEncoding = 4; lastKnownFileType = sourcecode.c.h; path = SFHFKeychainUtils.h; sourceTree = "<group>"; };
		FEA730491A7733E700D274A6 /* SFHFKeychainUtils.m */ = {isa = PBXFileReference; fileEncoding = 4; lastKnownFileType = sourcecode.c.objc; path = SFHFKeychainUtils.m; sourceTree = "<group>"; };
		FEA7304C1A7733F900D274A6 /* AuxilaryUIService.h */ = {isa = PBXFileReference; fileEncoding = 4; lastKnownFileType = sourcecode.c.h; path = AuxilaryUIService.h; sourceTree = "<group>"; };
		FEA7304D1A7733F900D274A6 /* AuxilaryUIService.m */ = {isa = PBXFileReference; fileEncoding = 4; lastKnownFileType = sourcecode.c.objc; path = AuxilaryUIService.m; sourceTree = "<group>"; };
		FEA7304E1A7733F900D274A6 /* AuxilaryService.h */ = {isa = PBXFileReference; fileEncoding = 4; lastKnownFileType = sourcecode.c.h; path = AuxilaryService.h; sourceTree = "<group>"; };
		FEA7304F1A7733F900D274A6 /* AuxilaryService.m */ = {isa = PBXFileReference; fileEncoding = 4; lastKnownFileType = sourcecode.c.objc; path = AuxilaryService.m; sourceTree = "<group>"; };
		FEA730501A7733F900D274A6 /* SharedObject.h */ = {isa = PBXFileReference; fileEncoding = 4; lastKnownFileType = sourcecode.c.h; path = SharedObject.h; sourceTree = "<group>"; };
		FEA730511A7733F900D274A6 /* SharedObject.m */ = {isa = PBXFileReference; fileEncoding = 4; lastKnownFileType = sourcecode.c.objc; path = SharedObject.m; sourceTree = "<group>"; };
		FEA730561A77340B00D274A6 /* ControllerHeaders.h */ = {isa = PBXFileReference; lastKnownFileType = sourcecode.c.h; path = ControllerHeaders.h; sourceTree = "<group>"; };
		FEA730571A77340B00D274A6 /* Constants.h */ = {isa = PBXFileReference; lastKnownFileType = sourcecode.c.h; path = Constants.h; sourceTree = "<group>"; };
		FEA730581A77340B00D274A6 /* ApiClass.h */ = {isa = PBXFileReference; lastKnownFileType = sourcecode.c.h; path = ApiClass.h; sourceTree = "<group>"; };
		FEA7305A1A77342100D274A6 /* ArrowImageView.h */ = {isa = PBXFileReference; fileEncoding = 4; lastKnownFileType = sourcecode.c.h; path = ArrowImageView.h; sourceTree = "<group>"; };
		FEA7305B1A77342100D274A6 /* ArrowImageView.m */ = {isa = PBXFileReference; fileEncoding = 4; lastKnownFileType = sourcecode.c.objc; path = ArrowImageView.m; sourceTree = "<group>"; };
		FEA7305C1A77342100D274A6 /* UIColor-Expanded.h */ = {isa = PBXFileReference; fileEncoding = 4; lastKnownFileType = sourcecode.c.h; path = "UIColor-Expanded.h"; sourceTree = "<group>"; };
		FEA7305D1A77342100D274A6 /* UIColor-Expanded.m */ = {isa = PBXFileReference; fileEncoding = 4; lastKnownFileType = sourcecode.c.objc; path = "UIColor-Expanded.m"; sourceTree = "<group>"; };
		FEA7305E1A77342100D274A6 /* WCAlertView.h */ = {isa = PBXFileReference; fileEncoding = 4; lastKnownFileType = sourcecode.c.h; path = WCAlertView.h; sourceTree = "<group>"; };
		FEA7305F1A77342100D274A6 /* WCAlertView.m */ = {isa = PBXFileReference; fileEncoding = 4; lastKnownFileType = sourcecode.c.objc; path = WCAlertView.m; sourceTree = "<group>"; };
		FEA730601A77342100D274A6 /* UIButtonIndexPathAndBlock.h */ = {isa = PBXFileReference; fileEncoding = 4; lastKnownFileType = sourcecode.c.h; path = UIButtonIndexPathAndBlock.h; sourceTree = "<group>"; };
		FEA730611A77342100D274A6 /* UIButtonIndexPathAndBlock.m */ = {isa = PBXFileReference; fileEncoding = 4; lastKnownFileType = sourcecode.c.objc; path = UIButtonIndexPathAndBlock.m; sourceTree = "<group>"; };
		FEA730621A77342100D274A6 /* ShowImageView.h */ = {isa = PBXFileReference; fileEncoding = 4; lastKnownFileType = sourcecode.c.h; path = ShowImageView.h; sourceTree = "<group>"; };
		FEA730631A77342100D274A6 /* ShowImageView.m */ = {isa = PBXFileReference; fileEncoding = 4; lastKnownFileType = sourcecode.c.objc; path = ShowImageView.m; sourceTree = "<group>"; };
		FEA730641A77342100D274A6 /* UIViewCategories.h */ = {isa = PBXFileReference; fileEncoding = 4; lastKnownFileType = sourcecode.c.h; path = UIViewCategories.h; sourceTree = "<group>"; };
		FEA730651A77342100D274A6 /* UIViewCategories.m */ = {isa = PBXFileReference; fileEncoding = 4; lastKnownFileType = sourcecode.c.objc; path = UIViewCategories.m; sourceTree = "<group>"; };
		FEA730661A77342100D274A6 /* UnderlinedLabel.h */ = {isa = PBXFileReference; fileEncoding = 4; lastKnownFileType = sourcecode.c.h; path = UnderlinedLabel.h; sourceTree = "<group>"; };
		FEA730671A77342100D274A6 /* UnderlinedLabel.m */ = {isa = PBXFileReference; fileEncoding = 4; lastKnownFileType = sourcecode.c.objc; path = UnderlinedLabel.m; sourceTree = "<group>"; };
		FEA730681A77342100D274A6 /* UIImage+ProportionalFill.h */ = {isa = PBXFileReference; fileEncoding = 4; lastKnownFileType = sourcecode.c.h; path = "UIImage+ProportionalFill.h"; sourceTree = "<group>"; };
		FEA730691A77342100D274A6 /* UIImage+ProportionalFill.m */ = {isa = PBXFileReference; fileEncoding = 4; lastKnownFileType = sourcecode.c.objc; path = "UIImage+ProportionalFill.m"; sourceTree = "<group>"; };
		FEA7306A1A77342100D274A6 /* AsyncImageView.h */ = {isa = PBXFileReference; fileEncoding = 4; lastKnownFileType = sourcecode.c.h; path = AsyncImageView.h; sourceTree = "<group>"; };
		FEA7306B1A77342100D274A6 /* AsyncImageView.m */ = {isa = PBXFileReference; fileEncoding = 4; lastKnownFileType = sourcecode.c.objc; path = AsyncImageView.m; sourceTree = "<group>"; };
		FEA7306C1A77342100D274A6 /* AutoResizeImageView.h */ = {isa = PBXFileReference; fileEncoding = 4; lastKnownFileType = sourcecode.c.h; path = AutoResizeImageView.h; sourceTree = "<group>"; };
		FEA7306D1A77342100D274A6 /* AutoResizeImageView.m */ = {isa = PBXFileReference; fileEncoding = 4; lastKnownFileType = sourcecode.c.objc; path = AutoResizeImageView.m; sourceTree = "<group>"; };
		FEA7306E1A77342100D274A6 /* IIViewDeckController.h */ = {isa = PBXFileReference; fileEncoding = 4; lastKnownFileType = sourcecode.c.h; path = IIViewDeckController.h; sourceTree = "<group>"; };
		FEA7306F1A77342100D274A6 /* IIViewDeckController.m */ = {isa = PBXFileReference; fileEncoding = 4; lastKnownFileType = sourcecode.c.objc; path = IIViewDeckController.m; sourceTree = "<group>"; };
		FEA730701A77342100D274A6 /* IIWrapController.h */ = {isa = PBXFileReference; fileEncoding = 4; lastKnownFileType = sourcecode.c.h; path = IIWrapController.h; sourceTree = "<group>"; };
		FEA730711A77342100D274A6 /* IIWrapController.m */ = {isa = PBXFileReference; fileEncoding = 4; lastKnownFileType = sourcecode.c.objc; path = IIWrapController.m; sourceTree = "<group>"; };
		FEA7307F1A77343D00D274A6 /* SideMenuOptionsViewController.h */ = {isa = PBXFileReference; fileEncoding = 4; lastKnownFileType = sourcecode.c.h; path = SideMenuOptionsViewController.h; sourceTree = "<group>"; };
		FEA730801A77343D00D274A6 /* SideMenuOptionsViewController.m */ = {isa = PBXFileReference; fileEncoding = 4; lastKnownFileType = sourcecode.c.objc; path = SideMenuOptionsViewController.m; sourceTree = "<group>"; };
		FEA730811A77343D00D274A6 /* ViewControllerHelper.h */ = {isa = PBXFileReference; fileEncoding = 4; lastKnownFileType = sourcecode.c.h; path = ViewControllerHelper.h; sourceTree = "<group>"; };
		FEA730821A77343D00D274A6 /* ViewControllerHelper.m */ = {isa = PBXFileReference; fileEncoding = 4; lastKnownFileType = sourcecode.c.objc; path = ViewControllerHelper.m; sourceTree = "<group>"; };
		FEA730901A77351F00D274A6 /* HomeViewController.h */ = {isa = PBXFileReference; fileEncoding = 4; lastKnownFileType = sourcecode.c.h; path = HomeViewController.h; sourceTree = "<group>"; };
		FEA730911A77351F00D274A6 /* HomeViewController.m */ = {isa = PBXFileReference; fileEncoding = 4; lastKnownFileType = sourcecode.c.objc; path = HomeViewController.m; sourceTree = "<group>"; };
		FEA730931A77352700D274A6 /* NotificationsViewController.h */ = {isa = PBXFileReference; fileEncoding = 4; lastKnownFileType = sourcecode.c.h; path = NotificationsViewController.h; sourceTree = "<group>"; };
		FEA730941A77352700D274A6 /* NotificationsViewController.m */ = {isa = PBXFileReference; fileEncoding = 4; lastKnownFileType = sourcecode.c.objc; path = NotificationsViewController.m; sourceTree = "<group>"; };
		FEA730961A77352F00D274A6 /* WhatsUpViewController.h */ = {isa = PBXFileReference; fileEncoding = 4; lastKnownFileType = sourcecode.c.h; path = WhatsUpViewController.h; sourceTree = "<group>"; };
		FEA730971A77352F00D274A6 /* WhatsUpViewController.m */ = {isa = PBXFileReference; fileEncoding = 4; lastKnownFileType = sourcecode.c.objc; path = WhatsUpViewController.m; sourceTree = "<group>"; };
		FEA7309C1A77353F00D274A6 /* ABCWatersViewController.h */ = {isa = PBXFileReference; fileEncoding = 4; lastKnownFileType = sourcecode.c.h; path = ABCWatersViewController.h; sourceTree = "<group>"; };
		FEA7309D1A77353F00D274A6 /* ABCWatersViewController.m */ = {isa = PBXFileReference; fileEncoding = 4; lastKnownFileType = sourcecode.c.objc; path = ABCWatersViewController.m; sourceTree = "<group>"; };
		FEA7309F1A77354800D274A6 /* EventsViewController.h */ = {isa = PBXFileReference; fileEncoding = 4; lastKnownFileType = sourcecode.c.h; path = EventsViewController.h; sourceTree = "<group>"; };
		FEA730A01A77354800D274A6 /* EventsViewController.m */ = {isa = PBXFileReference; fileEncoding = 4; lastKnownFileType = sourcecode.c.objc; path = EventsViewController.m; sourceTree = "<group>"; };
		FEA730A21A77354F00D274A6 /* BookingViewController.h */ = {isa = PBXFileReference; fileEncoding = 4; lastKnownFileType = sourcecode.c.h; path = BookingViewController.h; sourceTree = "<group>"; };
		FEA730A31A77354F00D274A6 /* BookingViewController.m */ = {isa = PBXFileReference; fileEncoding = 4; lastKnownFileType = sourcecode.c.objc; path = BookingViewController.m; sourceTree = "<group>"; };
		FEA730A51A77355800D274A6 /* FeedbackViewController.h */ = {isa = PBXFileReference; fileEncoding = 4; lastKnownFileType = sourcecode.c.h; path = FeedbackViewController.h; sourceTree = "<group>"; };
		FEA730A61A77355800D274A6 /* FeedbackViewController.m */ = {isa = PBXFileReference; fileEncoding = 4; lastKnownFileType = sourcecode.c.objc; path = FeedbackViewController.m; sourceTree = "<group>"; };
		FEA730A81A77356000D274A6 /* SettingsViewController.h */ = {isa = PBXFileReference; fileEncoding = 4; lastKnownFileType = sourcecode.c.h; path = SettingsViewController.h; sourceTree = "<group>"; };
		FEA730A91A77356000D274A6 /* SettingsViewController.m */ = {isa = PBXFileReference; fileEncoding = 4; lastKnownFileType = sourcecode.c.objc; path = SettingsViewController.m; sourceTree = "<group>"; };
		FEA730AB1A77356A00D274A6 /* ProfileViewController.h */ = {isa = PBXFileReference; fileEncoding = 4; lastKnownFileType = sourcecode.c.h; path = ProfileViewController.h; sourceTree = "<group>"; };
		FEA730AC1A77356A00D274A6 /* ProfileViewController.m */ = {isa = PBXFileReference; fileEncoding = 4; lastKnownFileType = sourcecode.c.objc; path = ProfileViewController.m; sourceTree = "<group>"; };
		FEA730AE1A77357300D274A6 /* FavouritesViewController.h */ = {isa = PBXFileReference; fileEncoding = 4; lastKnownFileType = sourcecode.c.h; path = FavouritesViewController.h; sourceTree = "<group>"; };
		FEA730AF1A77357300D274A6 /* FavouritesViewController.m */ = {isa = PBXFileReference; fileEncoding = 4; lastKnownFileType = sourcecode.c.objc; path = FavouritesViewController.m; sourceTree = "<group>"; };
		FEA730B31A77395700D274A6 /* dashboard.png */ = {isa = PBXFileReference; lastKnownFileType = image.png; path = dashboard.png; sourceTree = "<group>"; };
		FEA730B61A77396800D274A6 /* icn_menu@2x.png */ = {isa = PBXFileReference; lastKnownFileType = image.png; path = "icn_menu@2x.png"; sourceTree = "<group>"; };
		FEA730B81A773A8100D274A6 /* PrefixHeader.pch */ = {isa = PBXFileReference; fileEncoding = 4; lastKnownFileType = sourcecode.c.h; path = PrefixHeader.pch; sourceTree = "<group>"; };
		FEB13FB21A77658A0061CE74 /* QuickMapViewController.h */ = {isa = PBXFileReference; fileEncoding = 4; lastKnownFileType = sourcecode.c.h; path = QuickMapViewController.h; sourceTree = "<group>"; };
		FEB13FB31A77658A0061CE74 /* QuickMapViewController.m */ = {isa = PBXFileReference; fileEncoding = 4; lastKnownFileType = sourcecode.c.objc; path = QuickMapViewController.m; sourceTree = "<group>"; };
		FEB13FB61A7766410061CE74 /* icn_abcwaters@3x.png */ = {isa = PBXFileReference; lastKnownFileType = image.png; path = "icn_abcwaters@3x.png"; sourceTree = "<group>"; };
		FEB13FB71A7766410061CE74 /* icn_booking@3x.png */ = {isa = PBXFileReference; lastKnownFileType = image.png; path = "icn_booking@3x.png"; sourceTree = "<group>"; };
		FEB13FB81A7766410061CE74 /* icn_events@3x.png */ = {isa = PBXFileReference; lastKnownFileType = image.png; path = "icn_events@3x.png"; sourceTree = "<group>"; };
		FEB13FB91A7766410061CE74 /* icn_favourites@3x.png */ = {isa = PBXFileReference; lastKnownFileType = image.png; path = "icn_favourites@3x.png"; sourceTree = "<group>"; };
		FEB13FBA1A7766410061CE74 /* icn_feedback@3x.png */ = {isa = PBXFileReference; lastKnownFileType = image.png; path = "icn_feedback@3x.png"; sourceTree = "<group>"; };
		FEB13FBB1A7766410061CE74 /* icn_home@3x.png */ = {isa = PBXFileReference; lastKnownFileType = image.png; path = "icn_home@3x.png"; sourceTree = "<group>"; };
		FEB13FBC1A7766410061CE74 /* icn_notifications@3x.png */ = {isa = PBXFileReference; lastKnownFileType = image.png; path = "icn_notifications@3x.png"; sourceTree = "<group>"; };
		FEB13FBD1A7766410061CE74 /* icn_profile@3x.png */ = {isa = PBXFileReference; lastKnownFileType = image.png; path = "icn_profile@3x.png"; sourceTree = "<group>"; };
		FEB13FBE1A7766410061CE74 /* icn_quickmap@3x.png */ = {isa = PBXFileReference; lastKnownFileType = image.png; path = "icn_quickmap@3x.png"; sourceTree = "<group>"; };
		FEB13FBF1A7766410061CE74 /* icn_settings@3x.png */ = {isa = PBXFileReference; lastKnownFileType = image.png; path = "icn_settings@3x.png"; sourceTree = "<group>"; };
		FEB13FC01A7766410061CE74 /* icn_whatsup@3x.png */ = {isa = PBXFileReference; lastKnownFileType = image.png; path = "icn_whatsup@3x.png"; sourceTree = "<group>"; };
		FEB13FD01A7788610061CE74 /* CCTVListingController.h */ = {isa = PBXFileReference; fileEncoding = 4; lastKnownFileType = sourcecode.c.h; path = CCTVListingController.h; sourceTree = "<group>"; };
		FEB13FD11A7788610061CE74 /* CCTVListingController.m */ = {isa = PBXFileReference; fileEncoding = 4; lastKnownFileType = sourcecode.c.objc; path = CCTVListingController.m; sourceTree = "<group>"; };
		FEB13FD31A778D2B0061CE74 /* whatsup_feed.png */ = {isa = PBXFileReference; lastKnownFileType = image.png; path = whatsup_feed.png; sourceTree = "<group>"; };
		FEB13FD71A77968B0061CE74 /* quickmap_expanded.png */ = {isa = PBXFileReference; lastKnownFileType = image.png; path = quickmap_expanded.png; sourceTree = "<group>"; };
		FEB13FD81A77968B0061CE74 /* quickmap.png */ = {isa = PBXFileReference; lastKnownFileType = image.png; path = quickmap.png; sourceTree = "<group>"; };
		FEF43C231A79EE7B00237CAD /* events_listing.png */ = {isa = PBXFileReference; lastKnownFileType = image.png; path = events_listing.png; sourceTree = "<group>"; };
		FEF43C251A79EE9400237CAD /* events_filter.png */ = {isa = PBXFileReference; lastKnownFileType = image.png; path = events_filter.png; sourceTree = "<group>"; };
		FEF43C281A79F17500237CAD /* events_detail_options.png */ = {isa = PBXFileReference; lastKnownFileType = image.png; path = events_detail_options.png; sourceTree = "<group>"; };
		FEF43C2B1A7A099900237CAD /* EventsDetailsViewController.h */ = {isa = PBXFileReference; fileEncoding = 4; lastKnownFileType = sourcecode.c.h; path = EventsDetailsViewController.h; sourceTree = "<group>"; };
		FEF43C2C1A7A099900237CAD /* EventsDetailsViewController.m */ = {isa = PBXFileReference; fileEncoding = 4; lastKnownFileType = sourcecode.c.objc; path = EventsDetailsViewController.m; sourceTree = "<group>"; };
		FEF43C2E1A7A0F9B00237CAD /* cctv_detail_options.png */ = {isa = PBXFileReference; lastKnownFileType = image.png; path = cctv_detail_options.png; sourceTree = "<group>"; };
		FEF43C301A7A156D00237CAD /* CCTVDetailViewController.h */ = {isa = PBXFileReference; fileEncoding = 4; lastKnownFileType = sourcecode.c.h; path = CCTVDetailViewController.h; sourceTree = "<group>"; };
		FEF43C311A7A156D00237CAD /* CCTVDetailViewController.m */ = {isa = PBXFileReference; fileEncoding = 4; lastKnownFileType = sourcecode.c.objc; path = CCTVDetailViewController.m; sourceTree = "<group>"; };
		FEFBFF201A80AB9400E485E9 /* libsqlite3.0.dylib */ = {isa = PBXFileReference; lastKnownFileType = "compiled.mach-o.dylib"; name = libsqlite3.0.dylib; path = usr/lib/libsqlite3.0.dylib; sourceTree = SDKROOT; };
		FEFBFF271A80D24E00E485E9 /* icn_arrow_down@3x.png */ = {isa = PBXFileReference; lastKnownFileType = image.png; path = "icn_arrow_down@3x.png"; sourceTree = "<group>"; };
		FEFBFF281A80D24E00E485E9 /* icn_call@3x.png */ = {isa = PBXFileReference; lastKnownFileType = image.png; path = "icn_call@3x.png"; sourceTree = "<group>"; };
		FEFBFF291A80D24E00E485E9 /* icn_image@3x.png */ = {isa = PBXFileReference; lastKnownFileType = image.png; path = "icn_image@3x.png"; sourceTree = "<group>"; };
/* End PBXFileReference section */

/* Begin PBXFrameworksBuildPhase section */
		FEA730171A772FDD00D274A6 /* Frameworks */ = {
			isa = PBXFrameworksBuildPhase;
			buildActionMask = 2147483647;
			files = (
				FEFBFF211A80AB9400E485E9 /* libsqlite3.0.dylib in Frameworks */,
			);
			runOnlyForDeploymentPostprocessing = 0;
		};
		FEA730301A772FDD00D274A6 /* Frameworks */ = {
			isa = PBXFrameworksBuildPhase;
			buildActionMask = 2147483647;
			files = (
			);
			runOnlyForDeploymentPostprocessing = 0;
		};
/* End PBXFrameworksBuildPhase section */

/* Begin PBXGroup section */
		FE4F37571A885AFC0028903C /* Login & Sign Up */ = {
			isa = PBXGroup;
			children = (
				FE4F37581A8862B50028903C /* WelcomeViewController.h */,
				FE4F37591A8862B50028903C /* WelcomeViewController.m */,
				FE4F375B1A8862C10028903C /* LoginViewController.h */,
				FE4F375C1A8862C10028903C /* LoginViewController.m */,
				FE4F375E1A8862CD0028903C /* SignUpViewController.h */,
				FE4F375F1A8862CD0028903C /* SignUpViewController.m */,
				FE9B55F31A89D6030045E4F9 /* ForgotPasswordViewController.h */,
				FE9B55F41A89D6030045E4F9 /* ForgotPasswordViewController.m */,
			);
			name = "Login & Sign Up";
			sourceTree = "<group>";
		};
		FE4F37611A8862E70028903C /* Login & SignUp */ = {
			isa = PBXGroup;
			children = (
				FE4F37771A88A6DC0028903C /* checkbox@3x.png */,
				FE4F37781A88A6DC0028903C /* icon_tick@3x.png */,
				FE4F37701A888A3E0028903C /* image_avatar.png */,
				FE4F37711A888A3E0028903C /* icn_facebook@3x.png */,
				FE4F376E1A8870DC0028903C /* welcome_background@3x.png */,
				FE4F37621A8863390028903C /* btn_blue@3x.png */,
				FE4F37631A8863390028903C /* btn_darkgrey@3x.png */,
				FE4F37641A8863390028903C /* btn_lightgrey@3x.png */,
				FE4F37651A8863390028903C /* image_background@3x.png */,
				FE4F37661A8863390028903C /* image_mywaters@3x.png */,
				FE4F37671A8863390028903C /* image_waterwally@3x.png */,
			);
			name = "Login & SignUp";
			sourceTree = "<group>";
		};
		FE5A46A21A8C552700517FB5 /* Events */ = {
			isa = PBXGroup;
			children = (
				FE5A46A31A8C57AF00517FB5 /* icn_addtofavorites@3x.png */,
				FE5A46A41A8C57AF00517FB5 /* icn_favorited@3x.png */,
				FE5A46A51A8C57AF00517FB5 /* icn_notifyme@3x.png */,
				FE5A46A61A8C57AF00517FB5 /* icn_share@3x.png */,
			);
			name = Events;
			sourceTree = "<group>";
		};
		FE82AC4A1A92DDFD00CCC94D /* ARKit */ = {
			isa = PBXGroup;
			children = (
				FE82AC4B1A92DE0800CCC94D /* ARCoordinate.h */,
				FE82AC4C1A92DE0800CCC94D /* ARCoordinate.m */,
				FE82AC4D1A92DE0800CCC94D /* ARGeoCoordinate.h */,
				FE82AC4E1A92DE0800CCC94D /* ARGeoCoordinate.m */,
				FE82AC4F1A92DE0800CCC94D /* ARKit.h */,
				FE82AC501A92DE0800CCC94D /* ARKit.m */,
				FE82AC511A92DE0800CCC94D /* ARLocationDelegate.h */,
				FE82AC521A92DE0800CCC94D /* ARViewProtocol.h */,
				FE82AC531A92DE0800CCC94D /* AugmentedRealityController.h */,
				FE82AC541A92DE0800CCC94D /* AugmentedRealityController.m */,
				FE82AC551A92DE0800CCC94D /* GEOLocations.h */,
				FE82AC561A92DE0800CCC94D /* GEOLocations.m */,
			);
			name = ARKit;
			sourceTree = "<group>";
		};
		FE99BDFF1A7B40B1000B83E8 /* Common */ = {
			isa = PBXGroup;
			children = (
				FE8DC62B1A944C1600F3C718 /* icn_volly@3x.png */,
				FE99BE101A7B687A000B83E8 /* icn_back@2x.png */,
				FE99BE001A7B40B8000B83E8 /* icn_back_old@2x.png */,
			);
			name = Common;
			sourceTree = "<group>";
		};
		FE99BE201A7B7D21000B83E8 /* Fonts */ = {
			isa = PBXGroup;
			children = (
				FE7FD0931A7F6FBD002A05CB /* BEBAS___.TTF */,
				FE7FD0941A7F6FBD002A05CB /* BebasNeue.otf */,
				FE99BE211A7B7D2B000B83E8 /* Roboto-Black.ttf */,
				FE99BE221A7B7D2B000B83E8 /* Roboto-BlackItalic.ttf */,
				FE99BE231A7B7D2B000B83E8 /* Roboto-Bold.ttf */,
				FE99BE241A7B7D2B000B83E8 /* Roboto-BoldItalic.ttf */,
				FE99BE251A7B7D2B000B83E8 /* Roboto-Italic.ttf */,
				FE99BE261A7B7D2B000B83E8 /* Roboto-Light.ttf */,
				FE99BE271A7B7D2B000B83E8 /* Roboto-LightItalic.ttf */,
				FE99BE281A7B7D2B000B83E8 /* Roboto-Medium.ttf */,
				FE99BE291A7B7D2B000B83E8 /* Roboto-MediumItalic.ttf */,
				FE99BE2A1A7B7D2B000B83E8 /* Roboto-Regular.ttf */,
				FE99BE2B1A7B7D2B000B83E8 /* Roboto-Thin.ttf */,
				FE99BE2C1A7B7D2B000B83E8 /* Roboto-ThinItalic.ttf */,
				FE99BE2D1A7B7D2B000B83E8 /* RobotoCondensed-Bold.ttf */,
				FE99BE2E1A7B7D2B000B83E8 /* RobotoCondensed-BoldItalic.ttf */,
				FE99BE2F1A7B7D2B000B83E8 /* RobotoCondensed-Italic.ttf */,
				FE99BE301A7B7D2B000B83E8 /* RobotoCondensed-Light.ttf */,
				FE99BE311A7B7D2B000B83E8 /* RobotoCondensed-LightItalic.ttf */,
				FE99BE321A7B7D2B000B83E8 /* RobotoCondensed-Regular.ttf */,
			);
			name = Fonts;
			sourceTree = "<group>";
		};
		FE9B55EF1A89B7B50045E4F9 /* CommonFuncitons */ = {
			isa = PBXGroup;
			children = (
				FE9B55EC1A89B7B00045E4F9 /* CommonFunctions.h */,
				FE9B55ED1A89B7B00045E4F9 /* CommonFunctions.m */,
			);
			name = CommonFuncitons;
			sourceTree = "<group>";
		};
		FE9C8CAC1A847A18001074DC /* Feedback */ = {
			isa = PBXGroup;
			children = (
				FE9C8CAA1A847861001074DC /* icn_location@3x.png */,
				FEFBFF271A80D24E00E485E9 /* icn_arrow_down@3x.png */,
				FEFBFF281A80D24E00E485E9 /* icn_call@3x.png */,
				FEFBFF291A80D24E00E485E9 /* icn_image@3x.png */,
			);
			name = Feedback;
			sourceTree = "<group>";
		};
		FE9C8CAD1A847A5E001074DC /* Home */ = {
			isa = PBXGroup;
			children = (
			);
			name = Home;
			sourceTree = "<group>";
		};
		FEA730111A772FDD00D274A6 = {
			isa = PBXGroup;
			children = (
				FE9B55EF1A89B7B50045E4F9 /* CommonFuncitons */,
				FEFBFF201A80AB9400E485E9 /* libsqlite3.0.dylib */,
				FEA7307E1A77342F00D274A6 /* Controllers & Helpers */,
				FEA730591A77341400D274A6 /* UIHelpers */,
				FEA730551A77340300D274A6 /* Header Files */,
				FEA7304B1A7733EF00D274A6 /* Singleton Classes */,
				FEA730431A7733BD00D274A6 /* ThirdPartyLibs */,
				FEA7301C1A772FDD00D274A6 /* MyWaters */,
				FEA730361A772FDD00D274A6 /* MyWatersTests */,
				FEA7301B1A772FDD00D274A6 /* Products */,
			);
			sourceTree = "<group>";
		};
		FEA7301B1A772FDD00D274A6 /* Products */ = {
			isa = PBXGroup;
			children = (
				FEA7301A1A772FDD00D274A6 /* MyWaters.app */,
				FEA730331A772FDD00D274A6 /* MyWatersTests.xctest */,
			);
			name = Products;
			sourceTree = "<group>";
		};
		FEA7301C1A772FDD00D274A6 /* MyWaters */ = {
			isa = PBXGroup;
			children = (
				FE4F37571A885AFC0028903C /* Login & Sign Up */,
				FEB13FCE1A7788330061CE74 /* CCTV Views */,
				FEA7308F1A77348300D274A6 /* Home */,
				FEA7308E1A77348000D274A6 /* Notifications */,
				FEA7308D1A77347D00D274A6 /* Whats Up */,
				FEA7308C1A77347A00D274A6 /* Quick Map */,
				FEA7308B1A77347600D274A6 /* ABC Waters */,
				FEA7308A1A77347300D274A6 /* Events */,
				FEA730891A77347000D274A6 /* Booking */,
				FEA730881A77346E00D274A6 /* Feedback */,
				FEA730871A77346B00D274A6 /* Settings */,
				FEA730861A77346800D274A6 /* Profile */,
				FEA730851A77346500D274A6 /* Favourites */,
				FEA730211A772FDD00D274A6 /* AppDelegate.h */,
				FEA730221A772FDD00D274A6 /* AppDelegate.m */,
				FEA730241A772FDD00D274A6 /* ViewController.h */,
				FEA730251A772FDD00D274A6 /* ViewController.m */,
				FEA730271A772FDD00D274A6 /* Main.storyboard */,
				FEA7302A1A772FDD00D274A6 /* Images.xcassets */,
				FEA7302C1A772FDD00D274A6 /* LaunchScreen.xib */,
				FEA7301D1A772FDD00D274A6 /* Supporting Files */,
			);
			path = MyWaters;
			sourceTree = "<group>";
		};
		FEA7301D1A772FDD00D274A6 /* Supporting Files */ = {
			isa = PBXGroup;
			children = (
				FE82AC671A93363000CCC94D /* MyWaters.sqlite */,
				FE99BE201A7B7D21000B83E8 /* Fonts */,
				FEA730B81A773A8100D274A6 /* PrefixHeader.pch */,
				FEA730B11A77394300D274A6 /* Images */,
				FEA7301E1A772FDD00D274A6 /* Info.plist */,
				FEA7301F1A772FDD00D274A6 /* main.m */,
			);
			name = "Supporting Files";
			sourceTree = "<group>";
		};
		FEA730361A772FDD00D274A6 /* MyWatersTests */ = {
			isa = PBXGroup;
			children = (
				FEA730391A772FDD00D274A6 /* MyWatersTests.m */,
				FEA730371A772FDD00D274A6 /* Supporting Files */,
			);
			path = MyWatersTests;
			sourceTree = "<group>";
		};
		FEA730371A772FDD00D274A6 /* Supporting Files */ = {
			isa = PBXGroup;
			children = (
				FEA730381A772FDD00D274A6 /* Info.plist */,
			);
			name = "Supporting Files";
			sourceTree = "<group>";
		};
		FEA730431A7733BD00D274A6 /* ThirdPartyLibs */ = {
			isa = PBXGroup;
			children = (
				FE82AC4A1A92DDFD00CCC94D /* ARKit */,
				FEA730481A7733E700D274A6 /* SFHFKeychainUtils.h */,
				FEA730491A7733E700D274A6 /* SFHFKeychainUtils.m */,
				FEA730441A7733CA00D274A6 /* NSData+Base64 */,
			);
			name = ThirdPartyLibs;
			sourceTree = "<group>";
		};
		FEA730441A7733CA00D274A6 /* NSData+Base64 */ = {
			isa = PBXGroup;
			children = (
				FEA730451A7733D500D274A6 /* NSDataBase64.h */,
				FEA730461A7733D500D274A6 /* NSDataBase64.m */,
			);
			name = "NSData+Base64";
			sourceTree = "<group>";
		};
		FEA7304B1A7733EF00D274A6 /* Singleton Classes */ = {
			isa = PBXGroup;
			children = (
				FEA7304C1A7733F900D274A6 /* AuxilaryUIService.h */,
				FEA7304D1A7733F900D274A6 /* AuxilaryUIService.m */,
				FEA7304E1A7733F900D274A6 /* AuxilaryService.h */,
				FEA7304F1A7733F900D274A6 /* AuxilaryService.m */,
				FEA730501A7733F900D274A6 /* SharedObject.h */,
				FEA730511A7733F900D274A6 /* SharedObject.m */,
			);
			name = "Singleton Classes";
			sourceTree = "<group>";
		};
		FEA730551A77340300D274A6 /* Header Files */ = {
			isa = PBXGroup;
			children = (
				FEA730561A77340B00D274A6 /* ControllerHeaders.h */,
				FEA730571A77340B00D274A6 /* Constants.h */,
				FEA730581A77340B00D274A6 /* ApiClass.h */,
			);
			name = "Header Files";
			sourceTree = "<group>";
		};
		FEA730591A77341400D274A6 /* UIHelpers */ = {
			isa = PBXGroup;
			children = (
				FE99BDFC1A7B3F93000B83E8 /* CustomButtons.h */,
				FE99BDFD1A7B3F93000B83E8 /* CustomButtons.m */,
				FEA7305A1A77342100D274A6 /* ArrowImageView.h */,
				FEA7305B1A77342100D274A6 /* ArrowImageView.m */,
				FEA7305C1A77342100D274A6 /* UIColor-Expanded.h */,
				FEA7305D1A77342100D274A6 /* UIColor-Expanded.m */,
				FEA7305E1A77342100D274A6 /* WCAlertView.h */,
				FEA7305F1A77342100D274A6 /* WCAlertView.m */,
				FEA730601A77342100D274A6 /* UIButtonIndexPathAndBlock.h */,
				FEA730611A77342100D274A6 /* UIButtonIndexPathAndBlock.m */,
				FEA730621A77342100D274A6 /* ShowImageView.h */,
				FEA730631A77342100D274A6 /* ShowImageView.m */,
				FEA730641A77342100D274A6 /* UIViewCategories.h */,
				FEA730651A77342100D274A6 /* UIViewCategories.m */,
				FEA730661A77342100D274A6 /* UnderlinedLabel.h */,
				FEA730671A77342100D274A6 /* UnderlinedLabel.m */,
				FEA730681A77342100D274A6 /* UIImage+ProportionalFill.h */,
				FEA730691A77342100D274A6 /* UIImage+ProportionalFill.m */,
				FEA7306A1A77342100D274A6 /* AsyncImageView.h */,
				FEA7306B1A77342100D274A6 /* AsyncImageView.m */,
				FEA7306C1A77342100D274A6 /* AutoResizeImageView.h */,
				FEA7306D1A77342100D274A6 /* AutoResizeImageView.m */,
				FEA7306E1A77342100D274A6 /* IIViewDeckController.h */,
				FEA7306F1A77342100D274A6 /* IIViewDeckController.m */,
				FEA730701A77342100D274A6 /* IIWrapController.h */,
				FEA730711A77342100D274A6 /* IIWrapController.m */,
			);
			name = UIHelpers;
			sourceTree = "<group>";
		};
		FEA7307E1A77342F00D274A6 /* Controllers & Helpers */ = {
			isa = PBXGroup;
			children = (
				FEA7307F1A77343D00D274A6 /* SideMenuOptionsViewController.h */,
				FEA730801A77343D00D274A6 /* SideMenuOptionsViewController.m */,
				FEA730811A77343D00D274A6 /* ViewControllerHelper.h */,
				FEA730821A77343D00D274A6 /* ViewControllerHelper.m */,
			);
			name = "Controllers & Helpers";
			sourceTree = "<group>";
		};
		FEA730851A77346500D274A6 /* Favourites */ = {
			isa = PBXGroup;
			children = (
				FEA730AE1A77357300D274A6 /* FavouritesViewController.h */,
				FEA730AF1A77357300D274A6 /* FavouritesViewController.m */,
			);
			name = Favourites;
			sourceTree = "<group>";
		};
		FEA730861A77346800D274A6 /* Profile */ = {
			isa = PBXGroup;
			children = (
				FEA730AB1A77356A00D274A6 /* ProfileViewController.h */,
				FEA730AC1A77356A00D274A6 /* ProfileViewController.m */,
				FE99BE041A7B63B3000B83E8 /* RewardsListingViewController.h */,
				FE99BE051A7B63B3000B83E8 /* RewardsListingViewController.m */,
				FE99BE0D1A7B64CF000B83E8 /* RewardDetailsViewController.h */,
				FE99BE0E1A7B64CF000B83E8 /* RewardDetailsViewController.m */,
			);
			name = Profile;
			sourceTree = "<group>";
		};
		FEA730871A77346B00D274A6 /* Settings */ = {
			isa = PBXGroup;
			children = (
				FEA730A81A77356000D274A6 /* SettingsViewController.h */,
				FEA730A91A77356000D274A6 /* SettingsViewController.m */,
				FE99BE1A1A7B7918000B83E8 /* DashboardSettingsViewController.h */,
				FE99BE1B1A7B7918000B83E8 /* DashboardSettingsViewController.m */,
				FE99BE1D1A7B792B000B83E8 /* NotificationsSettingsViewController.h */,
				FE99BE1E1A7B792B000B83E8 /* NotificationsSettingsViewController.m */,
				FE99BE451A7B8015000B83E8 /* WaterLevelAlertsSettingViewController.h */,
				FE99BE461A7B8015000B83E8 /* WaterLevelAlertsSettingViewController.m */,
			);
			name = Settings;
			sourceTree = "<group>";
		};
		FEA730881A77346E00D274A6 /* Feedback */ = {
			isa = PBXGroup;
			children = (
				FEA730A51A77355800D274A6 /* FeedbackViewController.h */,
				FEA730A61A77355800D274A6 /* FeedbackViewController.m */,
			);
			name = Feedback;
			sourceTree = "<group>";
		};
		FEA730891A77347000D274A6 /* Booking */ = {
			isa = PBXGroup;
			children = (
				FEA730A21A77354F00D274A6 /* BookingViewController.h */,
				FEA730A31A77354F00D274A6 /* BookingViewController.m */,
			);
			name = Booking;
			sourceTree = "<group>";
		};
		FEA7308A1A77347300D274A6 /* Events */ = {
			isa = PBXGroup;
			children = (
				FEA7309F1A77354800D274A6 /* EventsViewController.h */,
				FEA730A01A77354800D274A6 /* EventsViewController.m */,
				FEF43C2B1A7A099900237CAD /* EventsDetailsViewController.h */,
				FEF43C2C1A7A099900237CAD /* EventsDetailsViewController.m */,
			);
			name = Events;
			sourceTree = "<group>";
		};
		FEA7308B1A77347600D274A6 /* ABC Waters */ = {
			isa = PBXGroup;
			children = (
				FEA7309C1A77353F00D274A6 /* ABCWatersViewController.h */,
				FEA7309D1A77353F00D274A6 /* ABCWatersViewController.m */,
				FE99BDEE1A7B28C3000B83E8 /* ABCWaterDetailViewController.h */,
				FE99BDEF1A7B28C3000B83E8 /* ABCWaterDetailViewController.m */,
				FE82AC471A92DBA500CCC94D /* ARViewController.h */,
				FE82AC481A92DBA500CCC94D /* ARViewController.m */,
				FE82AC5C1A92E34100CCC94D /* MarkerView.h */,
				FE82AC5D1A92E34100CCC94D /* MarkerView.m */,
				FE82AC641A93312700CCC94D /* Place.h */,
				FE82AC651A93312700CCC94D /* Place.m */,
			);
			name = "ABC Waters";
			sourceTree = "<group>";
		};
		FEA7308C1A77347A00D274A6 /* Quick Map */ = {
			isa = PBXGroup;
			children = (
				FEB13FB21A77658A0061CE74 /* QuickMapViewController.h */,
				FEB13FB31A77658A0061CE74 /* QuickMapViewController.m */,
			);
			name = "Quick Map";
			sourceTree = "<group>";
		};
		FEA7308D1A77347D00D274A6 /* Whats Up */ = {
			isa = PBXGroup;
			children = (
				FEA730961A77352F00D274A6 /* WhatsUpViewController.h */,
				FEA730971A77352F00D274A6 /* WhatsUpViewController.m */,
			);
			name = "Whats Up";
			sourceTree = "<group>";
		};
		FEA7308E1A77348000D274A6 /* Notifications */ = {
			isa = PBXGroup;
			children = (
				FEA730931A77352700D274A6 /* NotificationsViewController.h */,
				FEA730941A77352700D274A6 /* NotificationsViewController.m */,
			);
			name = Notifications;
			sourceTree = "<group>";
		};
		FEA7308F1A77348300D274A6 /* Home */ = {
			isa = PBXGroup;
			children = (
				FEA730901A77351F00D274A6 /* HomeViewController.h */,
				FEA730911A77351F00D274A6 /* HomeViewController.m */,
			);
			name = Home;
			sourceTree = "<group>";
		};
		FEA730B11A77394300D274A6 /* Images */ = {
			isa = PBXGroup;
			children = (
				FE5A46A21A8C552700517FB5 /* Events */,
				FE4F37611A8862E70028903C /* Login & SignUp */,
				FE9C8CAD1A847A5E001074DC /* Home */,
				FE9C8CAC1A847A18001074DC /* Feedback */,
				FE99BDFF1A7B40B1000B83E8 /* Common */,
				FEB13FB51A7766300061CE74 /* Side Menu */,
				FEA730B51A77395B00D274A6 /* Header Images */,
				FEA730B21A77394900D274A6 /* Misc */,
			);
			name = Images;
			sourceTree = "<group>";
		};
		FEA730B21A77394900D274A6 /* Misc */ = {
			isa = PBXGroup;
			children = (
				FE7FD0881A7F50E5002A05CB /* notifications.png */,
				FE7FD0831A7F3933002A05CB /* favourites.png */,
				FE99BE121A7B6F5E000B83E8 /* settings.png */,
				FE99BE131A7B6F5E000B83E8 /* settings_dashboard.png */,
				FE99BE141A7B6F5E000B83E8 /* settings_notification.png */,
				FE99BE151A7B6F5E000B83E8 /* waterlevelsensor_ialerts.png */,
				FE99BE021A7B6316000B83E8 /* profile.png */,
				FE99BE071A7B63FB000B83E8 /* profile_rewards.png */,
				FE99BE081A7B63FB000B83E8 /* profile_rewards_detail.png */,
				FEB13FD71A77968B0061CE74 /* quickmap_expanded.png */,
				FEB13FD81A77968B0061CE74 /* quickmap.png */,
				FEA730B31A77395700D274A6 /* dashboard.png */,
				FEB13FD31A778D2B0061CE74 /* whatsup_feed.png */,
				FE7FD08A1A7F5317002A05CB /* whatsup_explore.png */,
				FEF43C231A79EE7B00237CAD /* events_listing.png */,
				FEF43C251A79EE9400237CAD /* events_filter.png */,
				FEF43C281A79F17500237CAD /* events_detail_options.png */,
				FEF43C2E1A7A0F9B00237CAD /* cctv_detail_options.png */,
				FE99BDF11A7B295D000B83E8 /* waterlevelsensor_detail.png */,
				FE99BDF31A7B2CD7000B83E8 /* abcwaters_grid.png */,
				FE99BDF41A7B2CD7000B83E8 /* abcwaters_list.png */,
				FE99BDF71A7B3D51000B83E8 /* abcwaters_detail_options.png */,
			);
			name = Misc;
			sourceTree = "<group>";
		};
		FEA730B51A77395B00D274A6 /* Header Images */ = {
			isa = PBXGroup;
			children = (
				FEA730B61A77396800D274A6 /* icn_menu@2x.png */,
				FE7FD08C1A7F53CE002A05CB /* icn_3dots@3x.png */,
				FE7FD08D1A7F53CE002A05CB /* icn_filter@3x.png */,
			);
			name = "Header Images";
			sourceTree = "<group>";
		};
		FEB13FB51A7766300061CE74 /* Side Menu */ = {
			isa = PBXGroup;
			children = (
				FEB13FB61A7766410061CE74 /* icn_abcwaters@3x.png */,
				FEB13FB71A7766410061CE74 /* icn_booking@3x.png */,
				FEB13FB81A7766410061CE74 /* icn_events@3x.png */,
				FEB13FB91A7766410061CE74 /* icn_favourites@3x.png */,
				FEB13FBA1A7766410061CE74 /* icn_feedback@3x.png */,
				FEB13FBB1A7766410061CE74 /* icn_home@3x.png */,
				FEB13FBC1A7766410061CE74 /* icn_notifications@3x.png */,
				FEB13FBD1A7766410061CE74 /* icn_profile@3x.png */,
				FEB13FBE1A7766410061CE74 /* icn_quickmap@3x.png */,
				FEB13FBF1A7766410061CE74 /* icn_settings@3x.png */,
				FEB13FC01A7766410061CE74 /* icn_whatsup@3x.png */,
			);
			name = "Side Menu";
			sourceTree = "<group>";
		};
		FEB13FCE1A7788330061CE74 /* CCTV Views */ = {
			isa = PBXGroup;
			children = (
				FEB13FD01A7788610061CE74 /* CCTVListingController.h */,
				FEB13FD11A7788610061CE74 /* CCTVListingController.m */,
				FEF43C301A7A156D00237CAD /* CCTVDetailViewController.h */,
				FEF43C311A7A156D00237CAD /* CCTVDetailViewController.m */,
			);
			name = "CCTV Views";
			sourceTree = "<group>";
		};
/* End PBXGroup section */

/* Begin PBXNativeTarget section */
		FEA730191A772FDD00D274A6 /* MyWaters */ = {
			isa = PBXNativeTarget;
			buildConfigurationList = FEA7303D1A772FDD00D274A6 /* Build configuration list for PBXNativeTarget "MyWaters" */;
			buildPhases = (
				FEA730161A772FDD00D274A6 /* Sources */,
				FEA730171A772FDD00D274A6 /* Frameworks */,
				FEA730181A772FDD00D274A6 /* Resources */,
			);
			buildRules = (
			);
			dependencies = (
			);
			name = MyWaters;
			productName = MyWaters;
			productReference = FEA7301A1A772FDD00D274A6 /* MyWaters.app */;
			productType = "com.apple.product-type.application";
		};
		FEA730321A772FDD00D274A6 /* MyWatersTests */ = {
			isa = PBXNativeTarget;
			buildConfigurationList = FEA730401A772FDD00D274A6 /* Build configuration list for PBXNativeTarget "MyWatersTests" */;
			buildPhases = (
				FEA7302F1A772FDD00D274A6 /* Sources */,
				FEA730301A772FDD00D274A6 /* Frameworks */,
				FEA730311A772FDD00D274A6 /* Resources */,
			);
			buildRules = (
			);
			dependencies = (
				FEA730351A772FDD00D274A6 /* PBXTargetDependency */,
			);
			name = MyWatersTests;
			productName = MyWatersTests;
			productReference = FEA730331A772FDD00D274A6 /* MyWatersTests.xctest */;
			productType = "com.apple.product-type.bundle.unit-test";
		};
/* End PBXNativeTarget section */

/* Begin PBXProject section */
		FEA730121A772FDD00D274A6 /* Project object */ = {
			isa = PBXProject;
			attributes = {
				LastUpgradeCheck = 0610;
				ORGANIZATIONNAME = iAppsAsia;
				TargetAttributes = {
					FEA730191A772FDD00D274A6 = {
						CreatedOnToolsVersion = 6.1;
						DevelopmentTeam = 6ZR73X4FWL;
					};
					FEA730321A772FDD00D274A6 = {
						CreatedOnToolsVersion = 6.1;
						DevelopmentTeam = 52K4KVJYP2;
						TestTargetID = FEA730191A772FDD00D274A6;
					};
				};
			};
			buildConfigurationList = FEA730151A772FDD00D274A6 /* Build configuration list for PBXProject "MyWaters" */;
			compatibilityVersion = "Xcode 3.2";
			developmentRegion = English;
			hasScannedForEncodings = 0;
			knownRegions = (
				en,
				Base,
			);
			mainGroup = FEA730111A772FDD00D274A6;
			productRefGroup = FEA7301B1A772FDD00D274A6 /* Products */;
			projectDirPath = "";
			projectRoot = "";
			targets = (
				FEA730191A772FDD00D274A6 /* MyWaters */,
				FEA730321A772FDD00D274A6 /* MyWatersTests */,
			);
		};
/* End PBXProject section */

/* Begin PBXResourcesBuildPhase section */
		FEA730181A772FDD00D274A6 /* Resources */ = {
			isa = PBXResourcesBuildPhase;
			buildActionMask = 2147483647;
			files = (
				FE99BE331A7B7E69000B83E8 /* Roboto-Black.ttf in Resources */,
				FE5A46AA1A8C57AF00517FB5 /* icn_share@3x.png in Resources */,
				FE99BE341A7B7E69000B83E8 /* Roboto-BlackItalic.ttf in Resources */,
				FE99BE351A7B7E69000B83E8 /* Roboto-Bold.ttf in Resources */,
				FE99BE361A7B7E69000B83E8 /* Roboto-BoldItalic.ttf in Resources */,
				FE99BE371A7B7E69000B83E8 /* Roboto-Italic.ttf in Resources */,
				FE4F37691A8863390028903C /* btn_darkgrey@3x.png in Resources */,
				FE99BE381A7B7E69000B83E8 /* Roboto-Light.ttf in Resources */,
				FE99BE391A7B7E69000B83E8 /* Roboto-LightItalic.ttf in Resources */,
				FEFBFF2B1A80D24E00E485E9 /* icn_arrow_down@3x.png in Resources */,
				FE99BE3A1A7B7E69000B83E8 /* Roboto-Medium.ttf in Resources */,
				FE82AC681A93363000CCC94D /* MyWaters.sqlite in Resources */,
				FE4F37721A888A3E0028903C /* image_avatar.png in Resources */,
				FE99BE3B1A7B7E69000B83E8 /* Roboto-MediumItalic.ttf in Resources */,
				FE4F376B1A8863390028903C /* image_background@3x.png in Resources */,
				FE99BE3C1A7B7E69000B83E8 /* Roboto-Regular.ttf in Resources */,
				FE99BE3D1A7B7E69000B83E8 /* Roboto-Thin.ttf in Resources */,
				FE7FD08F1A7F53CE002A05CB /* icn_filter@3x.png in Resources */,
				FE5A46A81A8C57AF00517FB5 /* icn_favorited@3x.png in Resources */,
				FE99BE3E1A7B7E69000B83E8 /* Roboto-ThinItalic.ttf in Resources */,
				FE99BE3F1A7B7E69000B83E8 /* RobotoCondensed-Bold.ttf in Resources */,
				FE9C8CAB1A847861001074DC /* icn_location@3x.png in Resources */,
				FE99BE401A7B7E69000B83E8 /* RobotoCondensed-BoldItalic.ttf in Resources */,
				FE5A46A91A8C57AF00517FB5 /* icn_notifyme@3x.png in Resources */,
				FE7FD08E1A7F53CE002A05CB /* icn_3dots@3x.png in Resources */,
				FE99BE411A7B7E69000B83E8 /* RobotoCondensed-Italic.ttf in Resources */,
				FE99BE421A7B7E69000B83E8 /* RobotoCondensed-Light.ttf in Resources */,
				FE7FD0951A7F6FBD002A05CB /* BEBAS___.TTF in Resources */,
				FE99BE431A7B7E69000B83E8 /* RobotoCondensed-LightItalic.ttf in Resources */,
				FE99BE441A7B7E69000B83E8 /* RobotoCondensed-Regular.ttf in Resources */,
				FE99BE171A7B6F5E000B83E8 /* settings_dashboard.png in Resources */,
				FEB13FC41A7766410061CE74 /* icn_favourites@3x.png in Resources */,
				FE4F37731A888A3E0028903C /* icn_facebook@3x.png in Resources */,
				FE4F376D1A8863390028903C /* image_waterwally@3x.png in Resources */,
				FE4F37681A8863390028903C /* btn_blue@3x.png in Resources */,
				FE99BE191A7B6F5E000B83E8 /* waterlevelsensor_ialerts.png in Resources */,
				FEA730B41A77395700D274A6 /* dashboard.png in Resources */,
				FEB13FC81A7766410061CE74 /* icn_profile@3x.png in Resources */,
				FE7FD0891A7F50E5002A05CB /* notifications.png in Resources */,
				FEB13FCA1A7766410061CE74 /* icn_settings@3x.png in Resources */,
				FEB13FCB1A7766410061CE74 /* icn_whatsup@3x.png in Resources */,
				FE99BE161A7B6F5E000B83E8 /* settings.png in Resources */,
				FEA730291A772FDD00D274A6 /* Main.storyboard in Resources */,
				FEB13FD91A77968B0061CE74 /* quickmap_expanded.png in Resources */,
				FEFBFF2C1A80D24E00E485E9 /* icn_call@3x.png in Resources */,
				FE4F376C1A8863390028903C /* image_mywaters@3x.png in Resources */,
				FEF43C2F1A7A0F9B00237CAD /* cctv_detail_options.png in Resources */,
				FE99BDF51A7B2CD7000B83E8 /* abcwaters_grid.png in Resources */,
				FE99BE011A7B40B8000B83E8 /* icn_back_old@2x.png in Resources */,
				FEA7302E1A772FDD00D274A6 /* LaunchScreen.xib in Resources */,
				FE7FD08B1A7F5317002A05CB /* whatsup_explore.png in Resources */,
				FEB13FC61A7766410061CE74 /* icn_home@3x.png in Resources */,
				FE8DC62C1A944C1700F3C718 /* icn_volly@3x.png in Resources */,
				FEFBFF2D1A80D24E00E485E9 /* icn_image@3x.png in Resources */,
				FE99BDF81A7B3D51000B83E8 /* abcwaters_detail_options.png in Resources */,
				FE99BDF21A7B295D000B83E8 /* waterlevelsensor_detail.png in Resources */,
				FEB13FC91A7766410061CE74 /* icn_quickmap@3x.png in Resources */,
				FE99BE091A7B63FB000B83E8 /* profile_rewards.png in Resources */,
				FE99BE0A1A7B63FB000B83E8 /* profile_rewards_detail.png in Resources */,
				FEA7302B1A772FDD00D274A6 /* Images.xcassets in Resources */,
				FEB13FC31A7766410061CE74 /* icn_events@3x.png in Resources */,
				FE99BE111A7B687A000B83E8 /* icn_back@2x.png in Resources */,
				FE7FD0961A7F6FBD002A05CB /* BebasNeue.otf in Resources */,
				FEB13FC51A7766410061CE74 /* icn_feedback@3x.png in Resources */,
				FEB13FDA1A77968B0061CE74 /* quickmap.png in Resources */,
				FEB13FD51A778D2B0061CE74 /* whatsup_feed.png in Resources */,
				FE7FD0841A7F3933002A05CB /* favourites.png in Resources */,
				FE5A46A71A8C57AF00517FB5 /* icn_addtofavorites@3x.png in Resources */,
				FEF43C2A1A79F17500237CAD /* events_detail_options.png in Resources */,
				FEB13FC71A7766410061CE74 /* icn_notifications@3x.png in Resources */,
				FE99BE181A7B6F5E000B83E8 /* settings_notification.png in Resources */,
				FE4F377A1A88A6DC0028903C /* icon_tick@3x.png in Resources */,
				FE4F37791A88A6DC0028903C /* checkbox@3x.png in Resources */,
				FEB13FC11A7766410061CE74 /* icn_abcwaters@3x.png in Resources */,
				FEA730B71A77396800D274A6 /* icn_menu@2x.png in Resources */,
				FEF43C261A79EE9400237CAD /* events_filter.png in Resources */,
				FE99BDF61A7B2CD7000B83E8 /* abcwaters_list.png in Resources */,
				FE4F376F1A8870DC0028903C /* welcome_background@3x.png in Resources */,
				FE99BE031A7B6316000B83E8 /* profile.png in Resources */,
				FEB13FC21A7766410061CE74 /* icn_booking@3x.png in Resources */,
				FEF43C241A79EE7B00237CAD /* events_listing.png in Resources */,
				FE4F376A1A8863390028903C /* btn_lightgrey@3x.png in Resources */,
			);
			runOnlyForDeploymentPostprocessing = 0;
		};
		FEA730311A772FDD00D274A6 /* Resources */ = {
			isa = PBXResourcesBuildPhase;
			buildActionMask = 2147483647;
			files = (
			);
			runOnlyForDeploymentPostprocessing = 0;
		};
/* End PBXResourcesBuildPhase section */

/* Begin PBXSourcesBuildPhase section */
		FEA730161A772FDD00D274A6 /* Sources */ = {
			isa = PBXSourcesBuildPhase;
			buildActionMask = 2147483647;
			files = (
				FEA730721A77342100D274A6 /* ArrowImageView.m in Sources */,
				FEA7307D1A77342100D274A6 /* IIWrapController.m in Sources */,
				FEA730AD1A77356A00D274A6 /* ProfileViewController.m in Sources */,
				FEF43C321A7A156D00237CAD /* CCTVDetailViewController.m in Sources */,
				FEA730791A77342100D274A6 /* UIImage+ProportionalFill.m in Sources */,
				FEB13FD21A7788610061CE74 /* CCTVListingController.m in Sources */,
				FE99BE1F1A7B792B000B83E8 /* NotificationsSettingsViewController.m in Sources */,
				FEA730531A7733F900D274A6 /* AuxilaryService.m in Sources */,
				FEA730831A77343D00D274A6 /* SideMenuOptionsViewController.m in Sources */,
				FE82AC581A92DE0800CCC94D /* ARGeoCoordinate.m in Sources */,
				FE99BDFE1A7B3F93000B83E8 /* CustomButtons.m in Sources */,
				FEA730521A7733F900D274A6 /* AuxilaryUIService.m in Sources */,
				FE99BE0F1A7B64CF000B83E8 /* RewardDetailsViewController.m in Sources */,
				FE82AC571A92DE0800CCC94D /* ARCoordinate.m in Sources */,
				FE9B55F51A89D6030045E4F9 /* ForgotPasswordViewController.m in Sources */,
				FEA730741A77342100D274A6 /* WCAlertView.m in Sources */,
				FEA730261A772FDD00D274A6 /* ViewController.m in Sources */,
				FE4F375D1A8862C10028903C /* LoginViewController.m in Sources */,
				FEA7309E1A77353F00D274A6 /* ABCWatersViewController.m in Sources */,
				FEA7307A1A77342100D274A6 /* AsyncImageView.m in Sources */,
				FE99BE1C1A7B7918000B83E8 /* DashboardSettingsViewController.m in Sources */,
				FE4F37601A8862CD0028903C /* SignUpViewController.m in Sources */,
				FE4F375A1A8862B50028903C /* WelcomeViewController.m in Sources */,
				FE82AC661A93312700CCC94D /* Place.m in Sources */,
				FE82AC5A1A92DE0800CCC94D /* AugmentedRealityController.m in Sources */,
				FEA730921A77351F00D274A6 /* HomeViewController.m in Sources */,
				FEA730471A7733D500D274A6 /* NSDataBase64.m in Sources */,
				FE99BE061A7B63B4000B83E8 /* RewardsListingViewController.m in Sources */,
				FEA730231A772FDD00D274A6 /* AppDelegate.m in Sources */,
				FEA730751A77342100D274A6 /* UIButtonIndexPathAndBlock.m in Sources */,
				FEA730731A77342100D274A6 /* UIColor-Expanded.m in Sources */,
				FE82AC591A92DE0800CCC94D /* ARKit.m in Sources */,
				FEB13FB41A77658A0061CE74 /* QuickMapViewController.m in Sources */,
				FEA7307C1A77342100D274A6 /* IIViewDeckController.m in Sources */,
				FEF43C2D1A7A099A00237CAD /* EventsDetailsViewController.m in Sources */,
				FEA730A71A77355800D274A6 /* FeedbackViewController.m in Sources */,
				FEA730A11A77354800D274A6 /* EventsViewController.m in Sources */,
				FEA730761A77342100D274A6 /* ShowImageView.m in Sources */,
				FEA730771A77342100D274A6 /* UIViewCategories.m in Sources */,
				FEA730951A77352700D274A6 /* NotificationsViewController.m in Sources */,
				FEA730841A77343D00D274A6 /* ViewControllerHelper.m in Sources */,
				FE82AC5E1A92E34100CCC94D /* MarkerView.m in Sources */,
				FEA730A41A77354F00D274A6 /* BookingViewController.m in Sources */,
				FE9B55EE1A89B7B00045E4F9 /* CommonFunctions.m in Sources */,
				FE82AC5B1A92DE0800CCC94D /* GEOLocations.m in Sources */,
				FE99BE471A7B8015000B83E8 /* WaterLevelAlertsSettingViewController.m in Sources */,
				FE99BDF01A7B28C3000B83E8 /* ABCWaterDetailViewController.m in Sources */,
				FE82AC491A92DBA500CCC94D /* ARViewController.m in Sources */,
				FEA730B01A77357300D274A6 /* FavouritesViewController.m in Sources */,
				FEA7304A1A7733E700D274A6 /* SFHFKeychainUtils.m in Sources */,
				FEA730AA1A77356000D274A6 /* SettingsViewController.m in Sources */,
				FEA730201A772FDD00D274A6 /* main.m in Sources */,
				FEA730981A77352F00D274A6 /* WhatsUpViewController.m in Sources */,
				FEA7307B1A77342100D274A6 /* AutoResizeImageView.m in Sources */,
				FEA730781A77342100D274A6 /* UnderlinedLabel.m in Sources */,
				FEA730541A7733F900D274A6 /* SharedObject.m in Sources */,
			);
			runOnlyForDeploymentPostprocessing = 0;
		};
		FEA7302F1A772FDD00D274A6 /* Sources */ = {
			isa = PBXSourcesBuildPhase;
			buildActionMask = 2147483647;
			files = (
				FEA7303A1A772FDD00D274A6 /* MyWatersTests.m in Sources */,
			);
			runOnlyForDeploymentPostprocessing = 0;
		};
/* End PBXSourcesBuildPhase section */

/* Begin PBXTargetDependency section */
		FEA730351A772FDD00D274A6 /* PBXTargetDependency */ = {
			isa = PBXTargetDependency;
			target = FEA730191A772FDD00D274A6 /* MyWaters */;
			targetProxy = FEA730341A772FDD00D274A6 /* PBXContainerItemProxy */;
		};
/* End PBXTargetDependency section */

/* Begin PBXVariantGroup section */
		FEA730271A772FDD00D274A6 /* Main.storyboard */ = {
			isa = PBXVariantGroup;
			children = (
				FEA730281A772FDD00D274A6 /* Base */,
			);
			name = Main.storyboard;
			sourceTree = "<group>";
		};
		FEA7302C1A772FDD00D274A6 /* LaunchScreen.xib */ = {
			isa = PBXVariantGroup;
			children = (
				FEA7302D1A772FDD00D274A6 /* Base */,
			);
			name = LaunchScreen.xib;
			sourceTree = "<group>";
		};
/* End PBXVariantGroup section */

/* Begin XCBuildConfiguration section */
		FEA7303B1A772FDD00D274A6 /* Debug */ = {
			isa = XCBuildConfiguration;
			buildSettings = {
				ALWAYS_SEARCH_USER_PATHS = NO;
				CLANG_CXX_LANGUAGE_STANDARD = "gnu++0x";
				CLANG_CXX_LIBRARY = "libc++";
				CLANG_ENABLE_MODULES = YES;
				CLANG_ENABLE_OBJC_ARC = YES;
				CLANG_WARN_BOOL_CONVERSION = YES;
				CLANG_WARN_CONSTANT_CONVERSION = YES;
				CLANG_WARN_DIRECT_OBJC_ISA_USAGE = YES_ERROR;
				CLANG_WARN_EMPTY_BODY = YES;
				CLANG_WARN_ENUM_CONVERSION = YES;
				CLANG_WARN_INT_CONVERSION = YES;
				CLANG_WARN_OBJC_ROOT_CLASS = YES_ERROR;
				CLANG_WARN_UNREACHABLE_CODE = YES;
				CLANG_WARN__DUPLICATE_METHOD_MATCH = YES;
				CODE_SIGN_IDENTITY = "iPhone Developer";
				"CODE_SIGN_IDENTITY[sdk=iphoneos*]" = "iPhone Developer";
				COPY_PHASE_STRIP = NO;
				ENABLE_STRICT_OBJC_MSGSEND = YES;
				GCC_C_LANGUAGE_STANDARD = gnu99;
				GCC_DYNAMIC_NO_PIC = NO;
				GCC_OPTIMIZATION_LEVEL = 0;
				GCC_PREPROCESSOR_DEFINITIONS = (
					"DEBUG=1",
					"$(inherited)",
				);
				GCC_SYMBOLS_PRIVATE_EXTERN = NO;
				GCC_WARN_64_TO_32_BIT_CONVERSION = YES;
				GCC_WARN_ABOUT_RETURN_TYPE = YES_ERROR;
				GCC_WARN_UNDECLARED_SELECTOR = YES;
				GCC_WARN_UNINITIALIZED_AUTOS = YES_AGGRESSIVE;
				GCC_WARN_UNUSED_FUNCTION = YES;
				GCC_WARN_UNUSED_VARIABLE = YES;
				IPHONEOS_DEPLOYMENT_TARGET = 8.1;
				MTL_ENABLE_DEBUG_INFO = YES;
				ONLY_ACTIVE_ARCH = YES;
				PROVISIONING_PROFILE = "";
				SDKROOT = iphoneos;
			};
			name = Debug;
		};
		FEA7303C1A772FDD00D274A6 /* Release */ = {
			isa = XCBuildConfiguration;
			buildSettings = {
				ALWAYS_SEARCH_USER_PATHS = NO;
				CLANG_CXX_LANGUAGE_STANDARD = "gnu++0x";
				CLANG_CXX_LIBRARY = "libc++";
				CLANG_ENABLE_MODULES = YES;
				CLANG_ENABLE_OBJC_ARC = YES;
				CLANG_WARN_BOOL_CONVERSION = YES;
				CLANG_WARN_CONSTANT_CONVERSION = YES;
				CLANG_WARN_DIRECT_OBJC_ISA_USAGE = YES_ERROR;
				CLANG_WARN_EMPTY_BODY = YES;
				CLANG_WARN_ENUM_CONVERSION = YES;
				CLANG_WARN_INT_CONVERSION = YES;
				CLANG_WARN_OBJC_ROOT_CLASS = YES_ERROR;
				CLANG_WARN_UNREACHABLE_CODE = YES;
				CLANG_WARN__DUPLICATE_METHOD_MATCH = YES;
				CODE_SIGN_IDENTITY = "iPhone Developer";
				"CODE_SIGN_IDENTITY[sdk=iphoneos*]" = "iPhone Developer";
				COPY_PHASE_STRIP = YES;
				ENABLE_NS_ASSERTIONS = NO;
				ENABLE_STRICT_OBJC_MSGSEND = YES;
				GCC_C_LANGUAGE_STANDARD = gnu99;
				GCC_WARN_64_TO_32_BIT_CONVERSION = YES;
				GCC_WARN_ABOUT_RETURN_TYPE = YES_ERROR;
				GCC_WARN_UNDECLARED_SELECTOR = YES;
				GCC_WARN_UNINITIALIZED_AUTOS = YES_AGGRESSIVE;
				GCC_WARN_UNUSED_FUNCTION = YES;
				GCC_WARN_UNUSED_VARIABLE = YES;
				IPHONEOS_DEPLOYMENT_TARGET = 8.1;
				MTL_ENABLE_DEBUG_INFO = NO;
				PROVISIONING_PROFILE = "";
				SDKROOT = iphoneos;
				VALIDATE_PRODUCT = YES;
			};
			name = Release;
		};
		FEA7303E1A772FDD00D274A6 /* Debug */ = {
			isa = XCBuildConfiguration;
			buildSettings = {
				ASSETCATALOG_COMPILER_APPICON_NAME = AppIcon;
				CODE_SIGN_IDENTITY = "iPhone Developer";
				"CODE_SIGN_IDENTITY[sdk=iphoneos*]" = "iPhone Developer";
				ENABLE_STRICT_OBJC_MSGSEND = NO;
				GCC_PREFIX_HEADER = MyWaters/PrefixHeader.pch;
				INFOPLIST_FILE = MyWaters/Info.plist;
				LD_RUNPATH_SEARCH_PATHS = "$(inherited) @executable_path/Frameworks";
				PRODUCT_NAME = "$(TARGET_NAME)";
				PROVISIONING_PROFILE = "";
				VALID_ARCHS = "arm64 armv7 armv7s i386";
			};
			name = Debug;
		};
		FEA7303F1A772FDD00D274A6 /* Release */ = {
			isa = XCBuildConfiguration;
			buildSettings = {
				ASSETCATALOG_COMPILER_APPICON_NAME = AppIcon;
				CODE_SIGN_IDENTITY = "iPhone Developer";
				"CODE_SIGN_IDENTITY[sdk=iphoneos*]" = "iPhone Developer";
				ENABLE_STRICT_OBJC_MSGSEND = NO;
				GCC_PREFIX_HEADER = MyWaters/PrefixHeader.pch;
				INFOPLIST_FILE = MyWaters/Info.plist;
				LD_RUNPATH_SEARCH_PATHS = "$(inherited) @executable_path/Frameworks";
				PRODUCT_NAME = "$(TARGET_NAME)";
				PROVISIONING_PROFILE = "";
				VALID_ARCHS = "arm64 armv7 armv7s i386";
			};
			name = Release;
		};
		FEA730411A772FDD00D274A6 /* Debug */ = {
			isa = XCBuildConfiguration;
			buildSettings = {
				BUNDLE_LOADER = "$(TEST_HOST)";
				CODE_SIGN_IDENTITY = "iPhone Developer";
				"CODE_SIGN_IDENTITY[sdk=iphoneos*]" = "iPhone Developer";
				FRAMEWORK_SEARCH_PATHS = (
					"$(SDKROOT)/Developer/Library/Frameworks",
					"$(inherited)",
				);
				GCC_PREPROCESSOR_DEFINITIONS = (
					"DEBUG=1",
					"$(inherited)",
				);
				INFOPLIST_FILE = MyWatersTests/Info.plist;
				LD_RUNPATH_SEARCH_PATHS = "$(inherited) @executable_path/Frameworks @loader_path/Frameworks";
				PRODUCT_NAME = "$(TARGET_NAME)";
				PROVISIONING_PROFILE = "";
				TEST_HOST = "$(BUILT_PRODUCTS_DIR)/MyWaters.app/MyWaters";
			};
			name = Debug;
		};
		FEA730421A772FDD00D274A6 /* Release */ = {
			isa = XCBuildConfiguration;
			buildSettings = {
				BUNDLE_LOADER = "$(TEST_HOST)";
				CODE_SIGN_IDENTITY = "iPhone Developer";
				"CODE_SIGN_IDENTITY[sdk=iphoneos*]" = "iPhone Developer";
				FRAMEWORK_SEARCH_PATHS = (
					"$(SDKROOT)/Developer/Library/Frameworks",
					"$(inherited)",
				);
				INFOPLIST_FILE = MyWatersTests/Info.plist;
				LD_RUNPATH_SEARCH_PATHS = "$(inherited) @executable_path/Frameworks @loader_path/Frameworks";
				PRODUCT_NAME = "$(TARGET_NAME)";
				PROVISIONING_PROFILE = "";
				TEST_HOST = "$(BUILT_PRODUCTS_DIR)/MyWaters.app/MyWaters";
			};
			name = Release;
		};
/* End XCBuildConfiguration section */

/* Begin XCConfigurationList section */
		FEA730151A772FDD00D274A6 /* Build configuration list for PBXProject "MyWaters" */ = {
			isa = XCConfigurationList;
			buildConfigurations = (
				FEA7303B1A772FDD00D274A6 /* Debug */,
				FEA7303C1A772FDD00D274A6 /* Release */,
			);
			defaultConfigurationIsVisible = 0;
			defaultConfigurationName = Release;
		};
		FEA7303D1A772FDD00D274A6 /* Build configuration list for PBXNativeTarget "MyWaters" */ = {
			isa = XCConfigurationList;
			buildConfigurations = (
				FEA7303E1A772FDD00D274A6 /* Debug */,
				FEA7303F1A772FDD00D274A6 /* Release */,
			);
			defaultConfigurationIsVisible = 0;
			defaultConfigurationName = Release;
		};
		FEA730401A772FDD00D274A6 /* Build configuration list for PBXNativeTarget "MyWatersTests" */ = {
			isa = XCConfigurationList;
			buildConfigurations = (
				FEA730411A772FDD00D274A6 /* Debug */,
				FEA730421A772FDD00D274A6 /* Release */,
			);
			defaultConfigurationIsVisible = 0;
			defaultConfigurationName = Release;
		};
/* End XCConfigurationList section */
	};
	rootObject = FEA730121A772FDD00D274A6 /* Project object */;
}
